
Microsoft Visual Studio Solution File, Format Version 12.00
# Visual Studio Version 17
VisualStudioVersion = 17.11.0.0
MinimumVisualStudioVersion = 10.0.40219.1
Project("{9A19103F-16F7-4668-BE54-9A1E7A4F7556}") = "CSharp2026.AppendixB", "src\CSharp2026.AppendixB\CSharp2026.AppendixB.csproj", "{19E5C6CE-0694-5233-8E71-1DB6ED0F959D}"
EndProject
Project("{9A19103F-16F7-4668-BE54-9A1E7A4F7556}") = "CSharp2026.Chapter02", "src\CSharp2026.Chapter02\CSharp2026.Chapter02.csproj", "{F942FCC2-1A00-5283-9354-F475397ED467}"
EndProject
Project("{9A19103F-16F7-4668-BE54-9A1E7A4F7556}") = "CSharp2026.Chapter03", "src\CSharp2026.Chapter03\CSharp2026.Chapter03.csproj", "{76F3BBF5-A80D-5759-9099-6399D94A1E83}"
EndProject
Project("{9A19103F-16F7-4668-BE54-9A1E7A4F7556}") = "CSharp2026.Chapter04", "src\CSharp2026.Chapter04\CSharp2026.Chapter04.csproj", "{E383E746-255D-5833-A140-02703ADD5363}"
EndProject
Project("{9A19103F-16F7-4668-BE54-9A1E7A4F7556}") = "CSharp2026.Chapter05", "src\CSharp2026.Chapter05\CSharp2026.Chapter05.csproj", "{43DA8118-F007-5AC6-A496-9F2FDDE82AAA}"
EndProject
Project("{9A19103F-16F7-4668-BE54-9A1E7A4F7556}") = "CSharp2026.Chapter06", "src\CSharp2026.Chapter06\CSharp2026.Chapter06.csproj", "{19CDE4A5-6210-5D14-8DD3-E667BE71830E}"
EndProject
Project("{9A19103F-16F7-4668-BE54-9A1E7A4F7556}") = "CSharp2026.Chapter07", "src\CSharp2026.Chapter07\CSharp2026.Chapter07.csproj", "{F9B50E5B-2C29-5136-B3EC-483E1CD1DB41}"
EndProject
Project("{9A19103F-16F7-4668-BE54-9A1E7A4F7556}") = "CSharp2026.Chapter08", "src\CSharp2026.Chapter08\CSharp2026.Chapter08.csproj", "{2456F8FD-AE33-5815-BD7A-C48C59EF23C7}"
EndProject
Project("{9A19103F-16F7-4668-BE54-9A1E7A4F7556}") = "CSharp2026.Chapter09", "src\CSharp2026.Chapter09\CSharp2026.Chapter09.csproj", "{C643041E-1224-5748-8AA2-632E2A178076}"
EndProject
Project("{9A19103F-16F7-4668-BE54-9A1E7A4F7556}") = "CSharp2026.Chapter10", "src\CSharp2026.Chapter10\CSharp2026.Chapter10.csproj", "{8653639B-373C-5555-80DB-80FE1E3879F2}"
EndProject
Project("{9A19103F-16F7-4668-BE54-9A1E7A4F7556}") = "CSharp2026.Chapter11", "src\CSharp2026.Chapter11\CSharp2026.Chapter11.csproj", "{F97A5341-B51E-5979-AAA5-AC77ABDDBF1E}"
EndProject
Project("{9A19103F-16F7-4668-BE54-9A1E7A4F7556}") = "CSharp2026.Chapter12", "src\CSharp2026.Chapter12\CSharp2026.Chapter12.csproj", "{88EACC5E-4C1B-514B-9BB2-4170955F21D0}"
EndProject
Project("{9A19103F-16F7-4668-BE54-9A1E7A4F7556}") = "CSharp2026.Chapter13", "src\CSharp2026.Chapter13\CSharp2026.Chapter13.csproj", "{3859EB19-A6E1-5924-BD50-B49A54F96620}"
EndProject
Project("{9A19103F-16F7-4668-BE54-9A1E7A4F7556}") = "CSharp2026.Chapter14", "src\CSharp2026.Chapter14\CSharp2026.Chapter14.csproj", "{390D737F-93E1-504F-A78F-65D148ECA3A9}"
EndProject
Project("{9A19103F-16F7-4668-BE54-9A1E7A4F7556}") = "CSharp2026.Chapter15", "src\CSharp2026.Chapter15\CSharp2026.Chapter15.csproj", "{DD87D36E-DFB6-5C07-B5F9-26D7FE8530C9}"
EndProject
Project("{9A19103F-16F7-4668-BE54-9A1E7A4F7556}") = "CSharp2026.Chapter16", "src\CSharp2026.Chapter16\CSharp2026.Chapter16.csproj", "{EB86DD38-55D6-5FEC-8742-E3ED730E1636}"
EndProject
Project("{9A19103F-16F7-4668-BE54-9A1E7A4F7556}") = "CSharp2026.Chapter17", "src\CSharp2026.Chapter17\CSharp2026.Chapter17.csproj", "{6BFBCF8F-2479-572C-B854-5328AEDAE982}"
EndProject
Project("{9A19103F-16F7-4668-BE54-9A1E7A4F7556}") = "CSharp2026.Chapter18", "src\CSharp2026.Chapter18\CSharp2026.Chapter18.csproj", "{5013F111-237A-5149-A0D8-DF39B0B72568}"
EndProject
Project("{9A19103F-16F7-4668-BE54-9A1E7A4F7556}") = "CSharp2026.Chapter19", "src\CSharp2026.Chapter19\CSharp2026.Chapter19.csproj", "{663F3BCB-07F6-5ACE-81EF-4A6D796C3222}"
EndProject
Project("{9A19103F-16F7-4668-BE54-9A1E7A4F7556}") = "CSharp2026.Chapter20", "src\CSharp2026.Chapter20\CSharp2026.Chapter20.csproj", "{9CC82AB1-202C-58AA-ADD8-36D917A0E5DD}"
EndProject
Project("{9A19103F-16F7-4668-BE54-9A1E7A4F7556}") = "CSharp2026.Chapter21", "src\CSharp2026.Chapter21\CSharp2026.Chapter21.csproj", "{79C0F8F6-C89E-50DF-B8DC-BA277D4E1AFE}"
EndProject
Project("{9A19103F-16F7-4668-BE54-9A1E7A4F7556}") = "CSharp2026.Chapter22", "src\CSharp2026.Chapter22\CSharp2026.Chapter22.csproj", "{72DDD512-0852-5130-A84D-A89B97EA549D}"
EndProject
Project("{9A19103F-16F7-4668-BE54-9A1E7A4F7556}") = "CSharp2026.Chapter23", "src\CSharp2026.Chapter23\CSharp2026.Chapter23.csproj", "{7C328DA3-3E10-569E-82E1-A62F19B5E4C5}"
EndProject
Project("{9A19103F-16F7-4668-BE54-9A1E7A4F7556}") = "CSharp2026.Chapter24", "src\CSharp2026.Chapter24\CSharp2026.Chapter24.csproj", "{4AAC36EB-B8B3-57FD-8720-BBC93A5D32DF}"
EndProject
Project("{9A19103F-16F7-4668-BE54-9A1E7A4F7556}") = "CSharp2026.Chapter25", "src\CSharp2026.Chapter25\CSharp2026.Chapter25.csproj", "{3CAC7349-1568-585B-A44A-73C1D5A0398D}"
EndProject
Project("{9A19103F-16F7-4668-BE54-9A1E7A4F7556}") = "CSharp2026.Common", "src\CSharp2026.Common\CSharp2026.Common.csproj", "{54B255B0-475E-518F-89D9-0E146EC92729}"
EndProject
Project("{9A19103F-16F7-4668-BE54-9A1E7A4F7556}") = "CSharp2026.Reference", "src\CSharp2026.Reference\CSharp2026.Reference.csproj", "{C50CCCCA-E62A-52DA-8540-7E01F2E1B271}"
EndProject
Project("{9A19103F-16F7-4668-BE54-9A1E7A4F7556}") = "CSharp2026.Supplement", "src\CSharp2026.Supplement\CSharp2026.Supplement.csproj", "{A49B11B3-9B28-5B64-A55D-AF74E0D40BE5}"
EndProject
Project("{9A19103F-16F7-4668-BE54-9A1E7A4F7556}") = "CSharp2026.AppendixB.Tests", "tests\CSharp2026.AppendixB.Tests\CSharp2026.AppendixB.Tests.csproj", "{3FA67285-625F-5A9A-BCE0-5485B59D722F}"
EndProject
Project("{9A19103F-16F7-4668-BE54-9A1E7A4F7556}") = "CSharp2026.Chapter02.Tests", "tests\CSharp2026.Chapter02.Tests\CSharp2026.Chapter02.Tests.csproj", "{DFEDBF63-74E1-5C7B-A11E-BA257626B3B4}"
EndProject
Project("{9A19103F-16F7-4668-BE54-9A1E7A4F7556}") = "CSharp2026.Chapter03.Tests", "tests\CSharp2026.Chapter03.Tests\CSharp2026.Chapter03.Tests.csproj", "{D0675BD0-BBCC-5C3A-89C8-0FBF967B464B}"
EndProject
Project("{9A19103F-16F7-4668-BE54-9A1E7A4F7556}") = "CSharp2026.Chapter04.Tests", "tests\CSharp2026.Chapter04.Tests\CSharp2026.Chapter04.Tests.csproj", "{E6121F1B-03EE-53B6-AF1B-89F8A77030B2}"
EndProject
Project("{9A19103F-16F7-4668-BE54-9A1E7A4F7556}") = "CSharp2026.Chapter05.Tests", "tests\CSharp2026.Chapter05.Tests\CSharp2026.Chapter05.Tests.csproj", "{B13CC3DD-DD5E-5979-927A-496CB7B10AB9}"
EndProject
Project("{9A19103F-16F7-4668-BE54-9A1E7A4F7556}") = "CSharp2026.Chapter06.Tests", "tests\CSharp2026.Chapter06.Tests\CSharp2026.Chapter06.Tests.csproj", "{381D3F10-FAD7-5C64-BF3C-26E45269689D}"
EndProject
Project("{9A19103F-16F7-4668-BE54-9A1E7A4F7556}") = "CSharp2026.Chapter07.Tests", "tests\CSharp2026.Chapter07.Tests\CSharp2026.Chapter07.Tests.csproj", "{40CDA5D3-0382-589B-8A0B-1853474B8086}"
EndProject
Project("{9A19103F-16F7-4668-BE54-9A1E7A4F7556}") = "CSharp2026.Chapter08.Tests", "tests\CSharp2026.Chapter08.Tests\CSharp2026.Chapter08.Tests.csproj", "{A1E3CDF7-1A1A-5C04-946E-E830A8738089}"
EndProject
Project("{9A19103F-16F7-4668-BE54-9A1E7A4F7556}") = "CSharp2026.Chapter09.Tests", "tests\CSharp2026.Chapter09.Tests\CSharp2026.Chapter09.Tests.csproj", "{6F51795E-F4CF-5BD7-BF3B-E90299CF3942}"
EndProject
Project("{9A19103F-16F7-4668-BE54-9A1E7A4F7556}") = "CSharp2026.Chapter10.Tests", "tests\CSharp2026.Chapter10.Tests\CSharp2026.Chapter10.Tests.csproj", "{2A77FF6D-2E3C-5263-9D3E-EB875552D51B}"
EndProject
Project("{9A19103F-16F7-4668-BE54-9A1E7A4F7556}") = "CSharp2026.Chapter11.Tests", "tests\CSharp2026.Chapter11.Tests\CSharp2026.Chapter11.Tests.csproj", "{7ECDA549-54E9-5C3B-B893-D2BBA09D5C20}"
EndProject
Project("{9A19103F-16F7-4668-BE54-9A1E7A4F7556}") = "CSharp2026.Chapter12.Tests", "tests\CSharp2026.Chapter12.Tests\CSharp2026.Chapter12.Tests.csproj", "{AD10688F-92FE-591D-94FD-0D7C26C0412F}"
EndProject
Project("{9A19103F-16F7-4668-BE54-9A1E7A4F7556}") = "CSharp2026.Chapter13.Tests", "tests\CSharp2026.Chapter13.Tests\CSharp2026.Chapter13.Tests.csproj", "{D90BC24E-036E-53B5-9067-E8ED17A06A14}"
EndProject
Project("{9A19103F-16F7-4668-BE54-9A1E7A4F7556}") = "CSharp2026.Chapter14.Tests", "tests\CSharp2026.Chapter14.Tests\CSharp2026.Chapter14.Tests.csproj", "{C8BA6E58-E113-5212-9938-9DA712DB7E20}"
EndProject
Project("{9A19103F-16F7-4668-BE54-9A1E7A4F7556}") = "CSharp2026.Chapter15.Tests", "tests\CSharp2026.Chapter15.Tests\CSharp2026.Chapter15.Tests.csproj", "{55F02666-F721-512F-8821-8A05E209CB85}"
EndProject
Project("{9A19103F-16F7-4668-BE54-9A1E7A4F7556}") = "CSharp2026.Chapter16.Tests", "tests\CSharp2026.Chapter16.Tests\CSharp2026.Chapter16.Tests.csproj", "{48762EA4-F4B4-5255-9732-B9ECA26F95E8}"
EndProject
Project("{9A19103F-16F7-4668-BE54-9A1E7A4F7556}") = "CSharp2026.Chapter17.Tests", "tests\CSharp2026.Chapter17.Tests\CSharp2026.Chapter17.Tests.csproj", "{D46CE5CE-14E6-5771-96A2-BABCACAC773D}"
EndProject
Project("{9A19103F-16F7-4668-BE54-9A1E7A4F7556}") = "CSharp2026.Chapter18.Tests", "tests\CSharp2026.Chapter18.Tests\CSharp2026.Chapter18.Tests.csproj", "{47B84F18-E83F-5C23-9122-BBB9A46B2FB4}"
EndProject
Project("{9A19103F-16F7-4668-BE54-9A1E7A4F7556}") = "CSharp2026.Chapter19.Tests", "tests\CSharp2026.Chapter19.Tests\CSharp2026.Chapter19.Tests.csproj", "{759D5773-D4C8-5F92-977D-FF4670C36FC0}"
EndProject
Project("{9A19103F-16F7-4668-BE54-9A1E7A4F7556}") = "CSharp2026.Chapter20.Tests", "tests\CSharp2026.Chapter20.Tests\CSharp2026.Chapter20.Tests.csproj", "{3715EF6A-F051-5D58-8C1A-7B4CBB816CBB}"
EndProject
Project("{9A19103F-16F7-4668-BE54-9A1E7A4F7556}") = "CSharp2026.Chapter21.Tests", "tests\CSharp2026.Chapter21.Tests\CSharp2026.Chapter21.Tests.csproj", "{4F5F0B63-EC2D-52B8-B167-99C4DD3464E0}"
EndProject
Project("{9A19103F-16F7-4668-BE54-9A1E7A4F7556}") = "CSharp2026.Chapter22.Tests", "tests\CSharp2026.Chapter22.Tests\CSharp2026.Chapter22.Tests.csproj", "{25858574-CCF3-57E4-A0BA-61739CE584D3}"
EndProject
Project("{9A19103F-16F7-4668-BE54-9A1E7A4F7556}") = "CSharp2026.Chapter23.Tests", "tests\CSharp2026.Chapter23.Tests\CSharp2026.Chapter23.Tests.csproj", "{7515E6B2-43BA-50B0-A7D8-EED33BD1FB78}"
EndProject
Project("{9A19103F-16F7-4668-BE54-9A1E7A4F7556}") = "CSharp2026.Chapter24.Tests", "tests\CSharp2026.Chapter24.Tests\CSharp2026.Chapter24.Tests.csproj", "{D38981E1-EA9D-508E-99F9-D5389D4A1F7B}"
EndProject
Project("{9A19103F-16F7-4668-BE54-9A1E7A4F7556}") = "CSharp2026.Chapter25.Tests", "tests\CSharp2026.Chapter25.Tests\CSharp2026.Chapter25.Tests.csproj", "{6A6EA3CF-BEE3-5EAF-851B-3F9E2CBD39C3}"
EndProject
Project("{9A19103F-16F7-4668-BE54-9A1E7A4F7556}") = "CSharp2026.Common.Tests", "tests\CSharp2026.Common.Tests\CSharp2026.Common.Tests.csproj", "{2BC23F50-B7B7-5647-8659-28E2F445E1C0}"
EndProject
Project("{9A19103F-16F7-4668-BE54-9A1E7A4F7556}") = "CSharp2026.Reference.Tests", "tests\CSharp2026.Reference.Tests\CSharp2026.Reference.Tests.csproj", "{27066CBA-AB11-5C98-B2B0-561D17BA8DE9}"
EndProject
Project("{9A19103F-16F7-4668-BE54-9A1E7A4F7556}") = "CSharp2026.Supplement.Tests", "tests\CSharp2026.Supplement.Tests\CSharp2026.Supplement.Tests.csproj", "{6107A9AD-BB71-5EA2-8D3C-A5162400A52D}"
EndProject
Project("{2150E333-8FDC-42A3-9474-1A3956D46DE8}") = "src", "src", "{EC65D081-BB69-5D9B-A443-3742ACBA5BC6}"
EndProject
Project("{2150E333-8FDC-42A3-9474-1A3956D46DE8}") = "tests", "tests", "{7CFFE11B-4A87-58BB-8150-855CB1D9C774}"
EndProject
Project("{2150E333-8FDC-42A3-9474-1A3956D46DE8}") = "benchmarks", "benchmarks", "{66320409-64EC-F7C5-3DEF-65E7510DAAD1}"
EndProject
Project("{FAE04EC0-301F-11D3-BF4B-00C04F79EFBC}") = "CSharp2026.Benchmarks", "benchmarks\CSharp2026.Benchmarks\CSharp2026.Benchmarks.csproj", "{C87B03D5-9D50-4BDE-8AE1-8F0E6A8F9CA5}"
EndProject
Project("{FAE04EC0-301F-11D3-BF4B-00C04F79EFBC}") = "CSharp2026.Benchmarks.Tests", "tests\CSharp2026.Benchmarks.Tests\CSharp2026.Benchmarks.Tests.csproj", "{F94BF833-808D-4D0E-BEEE-F81A6BB5A87C}"
EndProject
Global
	GlobalSection(SolutionConfigurationPlatforms) = preSolution
		Debug|Any CPU = Debug|Any CPU
		Debug|x64 = Debug|x64
		Debug|x86 = Debug|x86
		Release|Any CPU = Release|Any CPU
		Release|x64 = Release|x64
		Release|x86 = Release|x86
	EndGlobalSection
	GlobalSection(ProjectConfigurationPlatforms) = postSolution
		{19E5C6CE-0694-5233-8E71-1DB6ED0F959D}.Debug|Any CPU.ActiveCfg = Debug|Any CPU
		{19E5C6CE-0694-5233-8E71-1DB6ED0F959D}.Debug|Any CPU.Build.0 = Debug|Any CPU
		{19E5C6CE-0694-5233-8E71-1DB6ED0F959D}.Debug|x64.ActiveCfg = Debug|Any CPU
		{19E5C6CE-0694-5233-8E71-1DB6ED0F959D}.Debug|x64.Build.0 = Debug|Any CPU
		{19E5C6CE-0694-5233-8E71-1DB6ED0F959D}.Debug|x86.ActiveCfg = Debug|Any CPU
		{19E5C6CE-0694-5233-8E71-1DB6ED0F959D}.Debug|x86.Build.0 = Debug|Any CPU
		{19E5C6CE-0694-5233-8E71-1DB6ED0F959D}.Release|Any CPU.ActiveCfg = Release|Any CPU
		{19E5C6CE-0694-5233-8E71-1DB6ED0F959D}.Release|Any CPU.Build.0 = Release|Any CPU
		{19E5C6CE-0694-5233-8E71-1DB6ED0F959D}.Release|x64.ActiveCfg = Release|Any CPU
		{19E5C6CE-0694-5233-8E71-1DB6ED0F959D}.Release|x64.Build.0 = Release|Any CPU
		{19E5C6CE-0694-5233-8E71-1DB6ED0F959D}.Release|x86.ActiveCfg = Release|Any CPU
		{19E5C6CE-0694-5233-8E71-1DB6ED0F959D}.Release|x86.Build.0 = Release|Any CPU
		{F942FCC2-1A00-5283-9354-F475397ED467}.Debug|Any CPU.ActiveCfg = Debug|Any CPU
		{F942FCC2-1A00-5283-9354-F475397ED467}.Debug|Any CPU.Build.0 = Debug|Any CPU
		{F942FCC2-1A00-5283-9354-F475397ED467}.Debug|x64.ActiveCfg = Debug|Any CPU
		{F942FCC2-1A00-5283-9354-F475397ED467}.Debug|x64.Build.0 = Debug|Any CPU
		{F942FCC2-1A00-5283-9354-F475397ED467}.Debug|x86.ActiveCfg = Debug|Any CPU
		{F942FCC2-1A00-5283-9354-F475397ED467}.Debug|x86.Build.0 = Debug|Any CPU
		{F942FCC2-1A00-5283-9354-F475397ED467}.Release|Any CPU.ActiveCfg = Release|Any CPU
		{F942FCC2-1A00-5283-9354-F475397ED467}.Release|Any CPU.Build.0 = Release|Any CPU
		{F942FCC2-1A00-5283-9354-F475397ED467}.Release|x64.ActiveCfg = Release|Any CPU
		{F942FCC2-1A00-5283-9354-F475397ED467}.Release|x64.Build.0 = Release|Any CPU
		{F942FCC2-1A00-5283-9354-F475397ED467}.Release|x86.ActiveCfg = Release|Any CPU
		{F942FCC2-1A00-5283-9354-F475397ED467}.Release|x86.Build.0 = Release|Any CPU
		{76F3BBF5-A80D-5759-9099-6399D94A1E83}.Debug|Any CPU.ActiveCfg = Debug|Any CPU
		{76F3BBF5-A80D-5759-9099-6399D94A1E83}.Debug|Any CPU.Build.0 = Debug|Any CPU
		{76F3BBF5-A80D-5759-9099-6399D94A1E83}.Debug|x64.ActiveCfg = Debug|Any CPU
		{76F3BBF5-A80D-5759-9099-6399D94A1E83}.Debug|x64.Build.0 = Debug|Any CPU
		{76F3BBF5-A80D-5759-9099-6399D94A1E83}.Debug|x86.ActiveCfg = Debug|Any CPU
		{76F3BBF5-A80D-5759-9099-6399D94A1E83}.Debug|x86.Build.0 = Debug|Any CPU
		{76F3BBF5-A80D-5759-9099-6399D94A1E83}.Release|Any CPU.ActiveCfg = Release|Any CPU
		{76F3BBF5-A80D-5759-9099-6399D94A1E83}.Release|Any CPU.Build.0 = Release|Any CPU
		{76F3BBF5-A80D-5759-9099-6399D94A1E83}.Release|x64.ActiveCfg = Release|Any CPU
		{76F3BBF5-A80D-5759-9099-6399D94A1E83}.Release|x64.Build.0 = Release|Any CPU
		{76F3BBF5-A80D-5759-9099-6399D94A1E83}.Release|x86.ActiveCfg = Release|Any CPU
		{76F3BBF5-A80D-5759-9099-6399D94A1E83}.Release|x86.Build.0 = Release|Any CPU
		{E383E746-255D-5833-A140-02703ADD5363}.Debug|Any CPU.ActiveCfg = Debug|Any CPU
		{E383E746-255D-5833-A140-02703ADD5363}.Debug|Any CPU.Build.0 = Debug|Any CPU
		{E383E746-255D-5833-A140-02703ADD5363}.Debug|x64.ActiveCfg = Debug|Any CPU
		{E383E746-255D-5833-A140-02703ADD5363}.Debug|x64.Build.0 = Debug|Any CPU
		{E383E746-255D-5833-A140-02703ADD5363}.Debug|x86.ActiveCfg = Debug|Any CPU
		{E383E746-255D-5833-A140-02703ADD5363}.Debug|x86.Build.0 = Debug|Any CPU
		{E383E746-255D-5833-A140-02703ADD5363}.Release|Any CPU.ActiveCfg = Release|Any CPU
		{E383E746-255D-5833-A140-02703ADD5363}.Release|Any CPU.Build.0 = Release|Any CPU
		{E383E746-255D-5833-A140-02703ADD5363}.Release|x64.ActiveCfg = Release|Any CPU
		{E383E746-255D-5833-A140-02703ADD5363}.Release|x64.Build.0 = Release|Any CPU
		{E383E746-255D-5833-A140-02703ADD5363}.Release|x86.ActiveCfg = Release|Any CPU
		{E383E746-255D-5833-A140-02703ADD5363}.Release|x86.Build.0 = Release|Any CPU
		{43DA8118-F007-5AC6-A496-9F2FDDE82AAA}.Debug|Any CPU.ActiveCfg = Debug|Any CPU
		{43DA8118-F007-5AC6-A496-9F2FDDE82AAA}.Debug|Any CPU.Build.0 = Debug|Any CPU
		{43DA8118-F007-5AC6-A496-9F2FDDE82AAA}.Debug|x64.ActiveCfg = Debug|Any CPU
		{43DA8118-F007-5AC6-A496-9F2FDDE82AAA}.Debug|x64.Build.0 = Debug|Any CPU
		{43DA8118-F007-5AC6-A496-9F2FDDE82AAA}.Debug|x86.ActiveCfg = Debug|Any CPU
		{43DA8118-F007-5AC6-A496-9F2FDDE82AAA}.Debug|x86.Build.0 = Debug|Any CPU
		{43DA8118-F007-5AC6-A496-9F2FDDE82AAA}.Release|Any CPU.ActiveCfg = Release|Any CPU
		{43DA8118-F007-5AC6-A496-9F2FDDE82AAA}.Release|Any CPU.Build.0 = Release|Any CPU
		{43DA8118-F007-5AC6-A496-9F2FDDE82AAA}.Release|x64.ActiveCfg = Release|Any CPU
		{43DA8118-F007-5AC6-A496-9F2FDDE82AAA}.Release|x64.Build.0 = Release|Any CPU
		{43DA8118-F007-5AC6-A496-9F2FDDE82AAA}.Release|x86.ActiveCfg = Release|Any CPU
		{43DA8118-F007-5AC6-A496-9F2FDDE82AAA}.Release|x86.Build.0 = Release|Any CPU
		{19CDE4A5-6210-5D14-8DD3-E667BE71830E}.Debug|Any CPU.ActiveCfg = Debug|Any CPU
		{19CDE4A5-6210-5D14-8DD3-E667BE71830E}.Debug|Any CPU.Build.0 = Debug|Any CPU
		{19CDE4A5-6210-5D14-8DD3-E667BE71830E}.Debug|x64.ActiveCfg = Debug|Any CPU
		{19CDE4A5-6210-5D14-8DD3-E667BE71830E}.Debug|x64.Build.0 = Debug|Any CPU
		{19CDE4A5-6210-5D14-8DD3-E667BE71830E}.Debug|x86.ActiveCfg = Debug|Any CPU
		{19CDE4A5-6210-5D14-8DD3-E667BE71830E}.Debug|x86.Build.0 = Debug|Any CPU
		{19CDE4A5-6210-5D14-8DD3-E667BE71830E}.Release|Any CPU.ActiveCfg = Release|Any CPU
		{19CDE4A5-6210-5D14-8DD3-E667BE71830E}.Release|Any CPU.Build.0 = Release|Any CPU
		{19CDE4A5-6210-5D14-8DD3-E667BE71830E}.Release|x64.ActiveCfg = Release|Any CPU
		{19CDE4A5-6210-5D14-8DD3-E667BE71830E}.Release|x64.Build.0 = Release|Any CPU
		{19CDE4A5-6210-5D14-8DD3-E667BE71830E}.Release|x86.ActiveCfg = Release|Any CPU
		{19CDE4A5-6210-5D14-8DD3-E667BE71830E}.Release|x86.Build.0 = Release|Any CPU
		{F9B50E5B-2C29-5136-B3EC-483E1CD1DB41}.Debug|Any CPU.ActiveCfg = Debug|Any CPU
		{F9B50E5B-2C29-5136-B3EC-483E1CD1DB41}.Debug|Any CPU.Build.0 = Debug|Any CPU
		{F9B50E5B-2C29-5136-B3EC-483E1CD1DB41}.Debug|x64.ActiveCfg = Debug|Any CPU
		{F9B50E5B-2C29-5136-B3EC-483E1CD1DB41}.Debug|x64.Build.0 = Debug|Any CPU
		{F9B50E5B-2C29-5136-B3EC-483E1CD1DB41}.Debug|x86.ActiveCfg = Debug|Any CPU
		{F9B50E5B-2C29-5136-B3EC-483E1CD1DB41}.Debug|x86.Build.0 = Debug|Any CPU
		{F9B50E5B-2C29-5136-B3EC-483E1CD1DB41}.Release|Any CPU.ActiveCfg = Release|Any CPU
		{F9B50E5B-2C29-5136-B3EC-483E1CD1DB41}.Release|Any CPU.Build.0 = Release|Any CPU
		{F9B50E5B-2C29-5136-B3EC-483E1CD1DB41}.Release|x64.ActiveCfg = Release|Any CPU
		{F9B50E5B-2C29-5136-B3EC-483E1CD1DB41}.Release|x64.Build.0 = Release|Any CPU
		{F9B50E5B-2C29-5136-B3EC-483E1CD1DB41}.Release|x86.ActiveCfg = Release|Any CPU
		{F9B50E5B-2C29-5136-B3EC-483E1CD1DB41}.Release|x86.Build.0 = Release|Any CPU
		{2456F8FD-AE33-5815-BD7A-C48C59EF23C7}.Debug|Any CPU.ActiveCfg = Debug|Any CPU
		{2456F8FD-AE33-5815-BD7A-C48C59EF23C7}.Debug|Any CPU.Build.0 = Debug|Any CPU
		{2456F8FD-AE33-5815-BD7A-C48C59EF23C7}.Debug|x64.ActiveCfg = Debug|Any CPU
		{2456F8FD-AE33-5815-BD7A-C48C59EF23C7}.Debug|x64.Build.0 = Debug|Any CPU
		{2456F8FD-AE33-5815-BD7A-C48C59EF23C7}.Debug|x86.ActiveCfg = Debug|Any CPU
		{2456F8FD-AE33-5815-BD7A-C48C59EF23C7}.Debug|x86.Build.0 = Debug|Any CPU
		{2456F8FD-AE33-5815-BD7A-C48C59EF23C7}.Release|Any CPU.ActiveCfg = Release|Any CPU
		{2456F8FD-AE33-5815-BD7A-C48C59EF23C7}.Release|Any CPU.Build.0 = Release|Any CPU
		{2456F8FD-AE33-5815-BD7A-C48C59EF23C7}.Release|x64.ActiveCfg = Release|Any CPU
		{2456F8FD-AE33-5815-BD7A-C48C59EF23C7}.Release|x64.Build.0 = Release|Any CPU
		{2456F8FD-AE33-5815-BD7A-C48C59EF23C7}.Release|x86.ActiveCfg = Release|Any CPU
		{2456F8FD-AE33-5815-BD7A-C48C59EF23C7}.Release|x86.Build.0 = Release|Any CPU
		{C643041E-1224-5748-8AA2-632E2A178076}.Debug|Any CPU.ActiveCfg = Debug|Any CPU
		{C643041E-1224-5748-8AA2-632E2A178076}.Debug|Any CPU.Build.0 = Debug|Any CPU
		{C643041E-1224-5748-8AA2-632E2A178076}.Debug|x64.ActiveCfg = Debug|Any CPU
		{C643041E-1224-5748-8AA2-632E2A178076}.Debug|x64.Build.0 = Debug|Any CPU
		{C643041E-1224-5748-8AA2-632E2A178076}.Debug|x86.ActiveCfg = Debug|Any CPU
		{C643041E-1224-5748-8AA2-632E2A178076}.Debug|x86.Build.0 = Debug|Any CPU
		{C643041E-1224-5748-8AA2-632E2A178076}.Release|Any CPU.ActiveCfg = Release|Any CPU
		{C643041E-1224-5748-8AA2-632E2A178076}.Release|Any CPU.Build.0 = Release|Any CPU
		{C643041E-1224-5748-8AA2-632E2A178076}.Release|x64.ActiveCfg = Release|Any CPU
		{C643041E-1224-5748-8AA2-632E2A178076}.Release|x64.Build.0 = Release|Any CPU
		{C643041E-1224-5748-8AA2-632E2A178076}.Release|x86.ActiveCfg = Release|Any CPU
		{C643041E-1224-5748-8AA2-632E2A178076}.Release|x86.Build.0 = Release|Any CPU
		{8653639B-373C-5555-80DB-80FE1E3879F2}.Debug|Any CPU.ActiveCfg = Debug|Any CPU
		{8653639B-373C-5555-80DB-80FE1E3879F2}.Debug|Any CPU.Build.0 = Debug|Any CPU
		{8653639B-373C-5555-80DB-80FE1E3879F2}.Debug|x64.ActiveCfg = Debug|Any CPU
		{8653639B-373C-5555-80DB-80FE1E3879F2}.Debug|x64.Build.0 = Debug|Any CPU
		{8653639B-373C-5555-80DB-80FE1E3879F2}.Debug|x86.ActiveCfg = Debug|Any CPU
		{8653639B-373C-5555-80DB-80FE1E3879F2}.Debug|x86.Build.0 = Debug|Any CPU
		{8653639B-373C-5555-80DB-80FE1E3879F2}.Release|Any CPU.ActiveCfg = Release|Any CPU
		{8653639B-373C-5555-80DB-80FE1E3879F2}.Release|Any CPU.Build.0 = Release|Any CPU
		{8653639B-373C-5555-80DB-80FE1E3879F2}.Release|x64.ActiveCfg = Release|Any CPU
		{8653639B-373C-5555-80DB-80FE1E3879F2}.Release|x64.Build.0 = Release|Any CPU
		{8653639B-373C-5555-80DB-80FE1E3879F2}.Release|x86.ActiveCfg = Release|Any CPU
		{8653639B-373C-5555-80DB-80FE1E3879F2}.Release|x86.Build.0 = Release|Any CPU
		{F97A5341-B51E-5979-AAA5-AC77ABDDBF1E}.Debug|Any CPU.ActiveCfg = Debug|Any CPU
		{F97A5341-B51E-5979-AAA5-AC77ABDDBF1E}.Debug|Any CPU.Build.0 = Debug|Any CPU
		{F97A5341-B51E-5979-AAA5-AC77ABDDBF1E}.Debug|x64.ActiveCfg = Debug|Any CPU
		{F97A5341-B51E-5979-AAA5-AC77ABDDBF1E}.Debug|x64.Build.0 = Debug|Any CPU
		{F97A5341-B51E-5979-AAA5-AC77ABDDBF1E}.Debug|x86.ActiveCfg = Debug|Any CPU
		{F97A5341-B51E-5979-AAA5-AC77ABDDBF1E}.Debug|x86.Build.0 = Debug|Any CPU
		{F97A5341-B51E-5979-AAA5-AC77ABDDBF1E}.Release|Any CPU.ActiveCfg = Release|Any CPU
		{F97A5341-B51E-5979-AAA5-AC77ABDDBF1E}.Release|Any CPU.Build.0 = Release|Any CPU
		{F97A5341-B51E-5979-AAA5-AC77ABDDBF1E}.Release|x64.ActiveCfg = Release|Any CPU
		{F97A5341-B51E-5979-AAA5-AC77ABDDBF1E}.Release|x64.Build.0 = Release|Any CPU
		{F97A5341-B51E-5979-AAA5-AC77ABDDBF1E}.Release|x86.ActiveCfg = Release|Any CPU
		{F97A5341-B51E-5979-AAA5-AC77ABDDBF1E}.Release|x86.Build.0 = Release|Any CPU
		{88EACC5E-4C1B-514B-9BB2-4170955F21D0}.Debug|Any CPU.ActiveCfg = Debug|Any CPU
		{88EACC5E-4C1B-514B-9BB2-4170955F21D0}.Debug|Any CPU.Build.0 = Debug|Any CPU
		{88EACC5E-4C1B-514B-9BB2-4170955F21D0}.Debug|x64.ActiveCfg = Debug|Any CPU
		{88EACC5E-4C1B-514B-9BB2-4170955F21D0}.Debug|x64.Build.0 = Debug|Any CPU
		{88EACC5E-4C1B-514B-9BB2-4170955F21D0}.Debug|x86.ActiveCfg = Debug|Any CPU
		{88EACC5E-4C1B-514B-9BB2-4170955F21D0}.Debug|x86.Build.0 = Debug|Any CPU
		{88EACC5E-4C1B-514B-9BB2-4170955F21D0}.Release|Any CPU.ActiveCfg = Release|Any CPU
		{88EACC5E-4C1B-514B-9BB2-4170955F21D0}.Release|Any CPU.Build.0 = Release|Any CPU
		{88EACC5E-4C1B-514B-9BB2-4170955F21D0}.Release|x64.ActiveCfg = Release|Any CPU
		{88EACC5E-4C1B-514B-9BB2-4170955F21D0}.Release|x64.Build.0 = Release|Any CPU
		{88EACC5E-4C1B-514B-9BB2-4170955F21D0}.Release|x86.ActiveCfg = Release|Any CPU
		{88EACC5E-4C1B-514B-9BB2-4170955F21D0}.Release|x86.Build.0 = Release|Any CPU
		{3859EB19-A6E1-5924-BD50-B49A54F96620}.Debug|Any CPU.ActiveCfg = Debug|Any CPU
		{3859EB19-A6E1-5924-BD50-B49A54F96620}.Debug|Any CPU.Build.0 = Debug|Any CPU
		{3859EB19-A6E1-5924-BD50-B49A54F96620}.Debug|x64.ActiveCfg = Debug|Any CPU
		{3859EB19-A6E1-5924-BD50-B49A54F96620}.Debug|x64.Build.0 = Debug|Any CPU
		{3859EB19-A6E1-5924-BD50-B49A54F96620}.Debug|x86.ActiveCfg = Debug|Any CPU
		{3859EB19-A6E1-5924-BD50-B49A54F96620}.Debug|x86.Build.0 = Debug|Any CPU
		{3859EB19-A6E1-5924-BD50-B49A54F96620}.Release|Any CPU.ActiveCfg = Release|Any CPU
		{3859EB19-A6E1-5924-BD50-B49A54F96620}.Release|Any CPU.Build.0 = Release|Any CPU
		{3859EB19-A6E1-5924-BD50-B49A54F96620}.Release|x64.ActiveCfg = Release|Any CPU
		{3859EB19-A6E1-5924-BD50-B49A54F96620}.Release|x64.Build.0 = Release|Any CPU
		{3859EB19-A6E1-5924-BD50-B49A54F96620}.Release|x86.ActiveCfg = Release|Any CPU
		{3859EB19-A6E1-5924-BD50-B49A54F96620}.Release|x86.Build.0 = Release|Any CPU
		{390D737F-93E1-504F-A78F-65D148ECA3A9}.Debug|Any CPU.ActiveCfg = Debug|Any CPU
		{390D737F-93E1-504F-A78F-65D148ECA3A9}.Debug|Any CPU.Build.0 = Debug|Any CPU
		{390D737F-93E1-504F-A78F-65D148ECA3A9}.Debug|x64.ActiveCfg = Debug|Any CPU
		{390D737F-93E1-504F-A78F-65D148ECA3A9}.Debug|x64.Build.0 = Debug|Any CPU
		{390D737F-93E1-504F-A78F-65D148ECA3A9}.Debug|x86.ActiveCfg = Debug|Any CPU
		{390D737F-93E1-504F-A78F-65D148ECA3A9}.Debug|x86.Build.0 = Debug|Any CPU
		{390D737F-93E1-504F-A78F-65D148ECA3A9}.Release|Any CPU.ActiveCfg = Release|Any CPU
		{390D737F-93E1-504F-A78F-65D148ECA3A9}.Release|Any CPU.Build.0 = Release|Any CPU
		{390D737F-93E1-504F-A78F-65D148ECA3A9}.Release|x64.ActiveCfg = Release|Any CPU
		{390D737F-93E1-504F-A78F-65D148ECA3A9}.Release|x64.Build.0 = Release|Any CPU
		{390D737F-93E1-504F-A78F-65D148ECA3A9}.Release|x86.ActiveCfg = Release|Any CPU
		{390D737F-93E1-504F-A78F-65D148ECA3A9}.Release|x86.Build.0 = Release|Any CPU
		{DD87D36E-DFB6-5C07-B5F9-26D7FE8530C9}.Debug|Any CPU.ActiveCfg = Debug|Any CPU
		{DD87D36E-DFB6-5C07-B5F9-26D7FE8530C9}.Debug|Any CPU.Build.0 = Debug|Any CPU
		{DD87D36E-DFB6-5C07-B5F9-26D7FE8530C9}.Debug|x64.ActiveCfg = Debug|Any CPU
		{DD87D36E-DFB6-5C07-B5F9-26D7FE8530C9}.Debug|x64.Build.0 = Debug|Any CPU
		{DD87D36E-DFB6-5C07-B5F9-26D7FE8530C9}.Debug|x86.ActiveCfg = Debug|Any CPU
		{DD87D36E-DFB6-5C07-B5F9-26D7FE8530C9}.Debug|x86.Build.0 = Debug|Any CPU
		{DD87D36E-DFB6-5C07-B5F9-26D7FE8530C9}.Release|Any CPU.ActiveCfg = Release|Any CPU
		{DD87D36E-DFB6-5C07-B5F9-26D7FE8530C9}.Release|Any CPU.Build.0 = Release|Any CPU
		{DD87D36E-DFB6-5C07-B5F9-26D7FE8530C9}.Release|x64.ActiveCfg = Release|Any CPU
		{DD87D36E-DFB6-5C07-B5F9-26D7FE8530C9}.Release|x64.Build.0 = Release|Any CPU
		{DD87D36E-DFB6-5C07-B5F9-26D7FE8530C9}.Release|x86.ActiveCfg = Release|Any CPU
		{DD87D36E-DFB6-5C07-B5F9-26D7FE8530C9}.Release|x86.Build.0 = Release|Any CPU
		{EB86DD38-55D6-5FEC-8742-E3ED730E1636}.Debug|Any CPU.ActiveCfg = Debug|Any CPU
		{EB86DD38-55D6-5FEC-8742-E3ED730E1636}.Debug|Any CPU.Build.0 = Debug|Any CPU
		{EB86DD38-55D6-5FEC-8742-E3ED730E1636}.Debug|x64.ActiveCfg = Debug|Any CPU
		{EB86DD38-55D6-5FEC-8742-E3ED730E1636}.Debug|x64.Build.0 = Debug|Any CPU
		{EB86DD38-55D6-5FEC-8742-E3ED730E1636}.Debug|x86.ActiveCfg = Debug|Any CPU
		{EB86DD38-55D6-5FEC-8742-E3ED730E1636}.Debug|x86.Build.0 = Debug|Any CPU
		{EB86DD38-55D6-5FEC-8742-E3ED730E1636}.Release|Any CPU.ActiveCfg = Release|Any CPU
		{EB86DD38-55D6-5FEC-8742-E3ED730E1636}.Release|Any CPU.Build.0 = Release|Any CPU
		{EB86DD38-55D6-5FEC-8742-E3ED730E1636}.Release|x64.ActiveCfg = Release|Any CPU
		{EB86DD38-55D6-5FEC-8742-E3ED730E1636}.Release|x64.Build.0 = Release|Any CPU
		{EB86DD38-55D6-5FEC-8742-E3ED730E1636}.Release|x86.ActiveCfg = Release|Any CPU
		{EB86DD38-55D6-5FEC-8742-E3ED730E1636}.Release|x86.Build.0 = Release|Any CPU
		{6BFBCF8F-2479-572C-B854-5328AEDAE982}.Debug|Any CPU.ActiveCfg = Debug|Any CPU
		{6BFBCF8F-2479-572C-B854-5328AEDAE982}.Debug|Any CPU.Build.0 = Debug|Any CPU
		{6BFBCF8F-2479-572C-B854-5328AEDAE982}.Debug|x64.ActiveCfg = Debug|Any CPU
		{6BFBCF8F-2479-572C-B854-5328AEDAE982}.Debug|x64.Build.0 = Debug|Any CPU
		{6BFBCF8F-2479-572C-B854-5328AEDAE982}.Debug|x86.ActiveCfg = Debug|Any CPU
		{6BFBCF8F-2479-572C-B854-5328AEDAE982}.Debug|x86.Build.0 = Debug|Any CPU
		{6BFBCF8F-2479-572C-B854-5328AEDAE982}.Release|Any CPU.ActiveCfg = Release|Any CPU
		{6BFBCF8F-2479-572C-B854-5328AEDAE982}.Release|Any CPU.Build.0 = Release|Any CPU
		{6BFBCF8F-2479-572C-B854-5328AEDAE982}.Release|x64.ActiveCfg = Release|Any CPU
		{6BFBCF8F-2479-572C-B854-5328AEDAE982}.Release|x64.Build.0 = Release|Any CPU
		{6BFBCF8F-2479-572C-B854-5328AEDAE982}.Release|x86.ActiveCfg = Release|Any CPU
		{6BFBCF8F-2479-572C-B854-5328AEDAE982}.Release|x86.Build.0 = Release|Any CPU
		{5013F111-237A-5149-A0D8-DF39B0B72568}.Debug|Any CPU.ActiveCfg = Debug|Any CPU
		{5013F111-237A-5149-A0D8-DF39B0B72568}.Debug|Any CPU.Build.0 = Debug|Any CPU
		{5013F111-237A-5149-A0D8-DF39B0B72568}.Debug|x64.ActiveCfg = Debug|Any CPU
		{5013F111-237A-5149-A0D8-DF39B0B72568}.Debug|x64.Build.0 = Debug|Any CPU
		{5013F111-237A-5149-A0D8-DF39B0B72568}.Debug|x86.ActiveCfg = Debug|Any CPU
		{5013F111-237A-5149-A0D8-DF39B0B72568}.Debug|x86.Build.0 = Debug|Any CPU
		{5013F111-237A-5149-A0D8-DF39B0B72568}.Release|Any CPU.ActiveCfg = Release|Any CPU
		{5013F111-237A-5149-A0D8-DF39B0B72568}.Release|Any CPU.Build.0 = Release|Any CPU
		{5013F111-237A-5149-A0D8-DF39B0B72568}.Release|x64.ActiveCfg = Release|Any CPU
		{5013F111-237A-5149-A0D8-DF39B0B72568}.Release|x64.Build.0 = Release|Any CPU
		{5013F111-237A-5149-A0D8-DF39B0B72568}.Release|x86.ActiveCfg = Release|Any CPU
		{5013F111-237A-5149-A0D8-DF39B0B72568}.Release|x86.Build.0 = Release|Any CPU
		{663F3BCB-07F6-5ACE-81EF-4A6D796C3222}.Debug|Any CPU.ActiveCfg = Debug|Any CPU
		{663F3BCB-07F6-5ACE-81EF-4A6D796C3222}.Debug|Any CPU.Build.0 = Debug|Any CPU
		{663F3BCB-07F6-5ACE-81EF-4A6D796C3222}.Debug|x64.ActiveCfg = Debug|Any CPU
		{663F3BCB-07F6-5ACE-81EF-4A6D796C3222}.Debug|x64.Build.0 = Debug|Any CPU
		{663F3BCB-07F6-5ACE-81EF-4A6D796C3222}.Debug|x86.ActiveCfg = Debug|Any CPU
		{663F3BCB-07F6-5ACE-81EF-4A6D796C3222}.Debug|x86.Build.0 = Debug|Any CPU
		{663F3BCB-07F6-5ACE-81EF-4A6D796C3222}.Release|Any CPU.ActiveCfg = Release|Any CPU
		{663F3BCB-07F6-5ACE-81EF-4A6D796C3222}.Release|Any CPU.Build.0 = Release|Any CPU
		{663F3BCB-07F6-5ACE-81EF-4A6D796C3222}.Release|x64.ActiveCfg = Release|Any CPU
		{663F3BCB-07F6-5ACE-81EF-4A6D796C3222}.Release|x64.Build.0 = Release|Any CPU
		{663F3BCB-07F6-5ACE-81EF-4A6D796C3222}.Release|x86.ActiveCfg = Release|Any CPU
		{663F3BCB-07F6-5ACE-81EF-4A6D796C3222}.Release|x86.Build.0 = Release|Any CPU
		{9CC82AB1-202C-58AA-ADD8-36D917A0E5DD}.Debug|Any CPU.ActiveCfg = Debug|Any CPU
		{9CC82AB1-202C-58AA-ADD8-36D917A0E5DD}.Debug|Any CPU.Build.0 = Debug|Any CPU
		{9CC82AB1-202C-58AA-ADD8-36D917A0E5DD}.Debug|x64.ActiveCfg = Debug|Any CPU
		{9CC82AB1-202C-58AA-ADD8-36D917A0E5DD}.Debug|x64.Build.0 = Debug|Any CPU
		{9CC82AB1-202C-58AA-ADD8-36D917A0E5DD}.Debug|x86.ActiveCfg = Debug|Any CPU
		{9CC82AB1-202C-58AA-ADD8-36D917A0E5DD}.Debug|x86.Build.0 = Debug|Any CPU
		{9CC82AB1-202C-58AA-ADD8-36D917A0E5DD}.Release|Any CPU.ActiveCfg = Release|Any CPU
		{9CC82AB1-202C-58AA-ADD8-36D917A0E5DD}.Release|Any CPU.Build.0 = Release|Any CPU
		{9CC82AB1-202C-58AA-ADD8-36D917A0E5DD}.Release|x64.ActiveCfg = Release|Any CPU
		{9CC82AB1-202C-58AA-ADD8-36D917A0E5DD}.Release|x64.Build.0 = Release|Any CPU
		{9CC82AB1-202C-58AA-ADD8-36D917A0E5DD}.Release|x86.ActiveCfg = Release|Any CPU
		{9CC82AB1-202C-58AA-ADD8-36D917A0E5DD}.Release|x86.Build.0 = Release|Any CPU
		{79C0F8F6-C89E-50DF-B8DC-BA277D4E1AFE}.Debug|Any CPU.ActiveCfg = Debug|Any CPU
		{79C0F8F6-C89E-50DF-B8DC-BA277D4E1AFE}.Debug|Any CPU.Build.0 = Debug|Any CPU
		{79C0F8F6-C89E-50DF-B8DC-BA277D4E1AFE}.Debug|x64.ActiveCfg = Debug|Any CPU
		{79C0F8F6-C89E-50DF-B8DC-BA277D4E1AFE}.Debug|x64.Build.0 = Debug|Any CPU
		{79C0F8F6-C89E-50DF-B8DC-BA277D4E1AFE}.Debug|x86.ActiveCfg = Debug|Any CPU
		{79C0F8F6-C89E-50DF-B8DC-BA277D4E1AFE}.Debug|x86.Build.0 = Debug|Any CPU
		{79C0F8F6-C89E-50DF-B8DC-BA277D4E1AFE}.Release|Any CPU.ActiveCfg = Release|Any CPU
		{79C0F8F6-C89E-50DF-B8DC-BA277D4E1AFE}.Release|Any CPU.Build.0 = Release|Any CPU
		{79C0F8F6-C89E-50DF-B8DC-BA277D4E1AFE}.Release|x64.ActiveCfg = Release|Any CPU
		{79C0F8F6-C89E-50DF-B8DC-BA277D4E1AFE}.Release|x64.Build.0 = Release|Any CPU
		{79C0F8F6-C89E-50DF-B8DC-BA277D4E1AFE}.Release|x86.ActiveCfg = Release|Any CPU
		{79C0F8F6-C89E-50DF-B8DC-BA277D4E1AFE}.Release|x86.Build.0 = Release|Any CPU
		{72DDD512-0852-5130-A84D-A89B97EA549D}.Debug|Any CPU.ActiveCfg = Debug|Any CPU
		{72DDD512-0852-5130-A84D-A89B97EA549D}.Debug|Any CPU.Build.0 = Debug|Any CPU
		{72DDD512-0852-5130-A84D-A89B97EA549D}.Debug|x64.ActiveCfg = Debug|Any CPU
		{72DDD512-0852-5130-A84D-A89B97EA549D}.Debug|x64.Build.0 = Debug|Any CPU
		{72DDD512-0852-5130-A84D-A89B97EA549D}.Debug|x86.ActiveCfg = Debug|Any CPU
		{72DDD512-0852-5130-A84D-A89B97EA549D}.Debug|x86.Build.0 = Debug|Any CPU
		{72DDD512-0852-5130-A84D-A89B97EA549D}.Release|Any CPU.ActiveCfg = Release|Any CPU
		{72DDD512-0852-5130-A84D-A89B97EA549D}.Release|Any CPU.Build.0 = Release|Any CPU
		{72DDD512-0852-5130-A84D-A89B97EA549D}.Release|x64.ActiveCfg = Release|Any CPU
		{72DDD512-0852-5130-A84D-A89B97EA549D}.Release|x64.Build.0 = Release|Any CPU
		{72DDD512-0852-5130-A84D-A89B97EA549D}.Release|x86.ActiveCfg = Release|Any CPU
		{72DDD512-0852-5130-A84D-A89B97EA549D}.Release|x86.Build.0 = Release|Any CPU
		{7C328DA3-3E10-569E-82E1-A62F19B5E4C5}.Debug|Any CPU.ActiveCfg = Debug|Any CPU
		{7C328DA3-3E10-569E-82E1-A62F19B5E4C5}.Debug|Any CPU.Build.0 = Debug|Any CPU
		{7C328DA3-3E10-569E-82E1-A62F19B5E4C5}.Debug|x64.ActiveCfg = Debug|Any CPU
		{7C328DA3-3E10-569E-82E1-A62F19B5E4C5}.Debug|x64.Build.0 = Debug|Any CPU
		{7C328DA3-3E10-569E-82E1-A62F19B5E4C5}.Debug|x86.ActiveCfg = Debug|Any CPU
		{7C328DA3-3E10-569E-82E1-A62F19B5E4C5}.Debug|x86.Build.0 = Debug|Any CPU
		{7C328DA3-3E10-569E-82E1-A62F19B5E4C5}.Release|Any CPU.ActiveCfg = Release|Any CPU
		{7C328DA3-3E10-569E-82E1-A62F19B5E4C5}.Release|Any CPU.Build.0 = Release|Any CPU
		{7C328DA3-3E10-569E-82E1-A62F19B5E4C5}.Release|x64.ActiveCfg = Release|Any CPU
		{7C328DA3-3E10-569E-82E1-A62F19B5E4C5}.Release|x64.Build.0 = Release|Any CPU
		{7C328DA3-3E10-569E-82E1-A62F19B5E4C5}.Release|x86.ActiveCfg = Release|Any CPU
		{7C328DA3-3E10-569E-82E1-A62F19B5E4C5}.Release|x86.Build.0 = Release|Any CPU
		{4AAC36EB-B8B3-57FD-8720-BBC93A5D32DF}.Debug|Any CPU.ActiveCfg = Debug|Any CPU
		{4AAC36EB-B8B3-57FD-8720-BBC93A5D32DF}.Debug|Any CPU.Build.0 = Debug|Any CPU
		{4AAC36EB-B8B3-57FD-8720-BBC93A5D32DF}.Debug|x64.ActiveCfg = Debug|Any CPU
		{4AAC36EB-B8B3-57FD-8720-BBC93A5D32DF}.Debug|x64.Build.0 = Debug|Any CPU
		{4AAC36EB-B8B3-57FD-8720-BBC93A5D32DF}.Debug|x86.ActiveCfg = Debug|Any CPU
		{4AAC36EB-B8B3-57FD-8720-BBC93A5D32DF}.Debug|x86.Build.0 = Debug|Any CPU
		{4AAC36EB-B8B3-57FD-8720-BBC93A5D32DF}.Release|Any CPU.ActiveCfg = Release|Any CPU
		{4AAC36EB-B8B3-57FD-8720-BBC93A5D32DF}.Release|Any CPU.Build.0 = Release|Any CPU
		{4AAC36EB-B8B3-57FD-8720-BBC93A5D32DF}.Release|x64.ActiveCfg = Release|Any CPU
		{4AAC36EB-B8B3-57FD-8720-BBC93A5D32DF}.Release|x64.Build.0 = Release|Any CPU
		{4AAC36EB-B8B3-57FD-8720-BBC93A5D32DF}.Release|x86.ActiveCfg = Release|Any CPU
		{4AAC36EB-B8B3-57FD-8720-BBC93A5D32DF}.Release|x86.Build.0 = Release|Any CPU
		{3CAC7349-1568-585B-A44A-73C1D5A0398D}.Debug|Any CPU.ActiveCfg = Debug|Any CPU
		{3CAC7349-1568-585B-A44A-73C1D5A0398D}.Debug|Any CPU.Build.0 = Debug|Any CPU
		{3CAC7349-1568-585B-A44A-73C1D5A0398D}.Debug|x64.ActiveCfg = Debug|Any CPU
		{3CAC7349-1568-585B-A44A-73C1D5A0398D}.Debug|x64.Build.0 = Debug|Any CPU
		{3CAC7349-1568-585B-A44A-73C1D5A0398D}.Debug|x86.ActiveCfg = Debug|Any CPU
		{3CAC7349-1568-585B-A44A-73C1D5A0398D}.Debug|x86.Build.0 = Debug|Any CPU
		{3CAC7349-1568-585B-A44A-73C1D5A0398D}.Release|Any CPU.ActiveCfg = Release|Any CPU
		{3CAC7349-1568-585B-A44A-73C1D5A0398D}.Release|Any CPU.Build.0 = Release|Any CPU
		{3CAC7349-1568-585B-A44A-73C1D5A0398D}.Release|x64.ActiveCfg = Release|Any CPU
		{3CAC7349-1568-585B-A44A-73C1D5A0398D}.Release|x64.Build.0 = Release|Any CPU
		{3CAC7349-1568-585B-A44A-73C1D5A0398D}.Release|x86.ActiveCfg = Release|Any CPU
		{3CAC7349-1568-585B-A44A-73C1D5A0398D}.Release|x86.Build.0 = Release|Any CPU
		{54B255B0-475E-518F-89D9-0E146EC92729}.Debug|Any CPU.ActiveCfg = Debug|Any CPU
		{54B255B0-475E-518F-89D9-0E146EC92729}.Debug|Any CPU.Build.0 = Debug|Any CPU
		{54B255B0-475E-518F-89D9-0E146EC92729}.Debug|x64.ActiveCfg = Debug|Any CPU
		{54B255B0-475E-518F-89D9-0E146EC92729}.Debug|x64.Build.0 = Debug|Any CPU
		{54B255B0-475E-518F-89D9-0E146EC92729}.Debug|x86.ActiveCfg = Debug|Any CPU
		{54B255B0-475E-518F-89D9-0E146EC92729}.Debug|x86.Build.0 = Debug|Any CPU
		{54B255B0-475E-518F-89D9-0E146EC92729}.Release|Any CPU.ActiveCfg = Release|Any CPU
		{54B255B0-475E-518F-89D9-0E146EC92729}.Release|Any CPU.Build.0 = Release|Any CPU
		{54B255B0-475E-518F-89D9-0E146EC92729}.Release|x64.ActiveCfg = Release|Any CPU
		{54B255B0-475E-518F-89D9-0E146EC92729}.Release|x64.Build.0 = Release|Any CPU
		{54B255B0-475E-518F-89D9-0E146EC92729}.Release|x86.ActiveCfg = Release|Any CPU
		{54B255B0-475E-518F-89D9-0E146EC92729}.Release|x86.Build.0 = Release|Any CPU
		{C50CCCCA-E62A-52DA-8540-7E01F2E1B271}.Debug|Any CPU.ActiveCfg = Debug|Any CPU
		{C50CCCCA-E62A-52DA-8540-7E01F2E1B271}.Debug|Any CPU.Build.0 = Debug|Any CPU
		{C50CCCCA-E62A-52DA-8540-7E01F2E1B271}.Debug|x64.ActiveCfg = Debug|Any CPU
		{C50CCCCA-E62A-52DA-8540-7E01F2E1B271}.Debug|x64.Build.0 = Debug|Any CPU
		{C50CCCCA-E62A-52DA-8540-7E01F2E1B271}.Debug|x86.ActiveCfg = Debug|Any CPU
		{C50CCCCA-E62A-52DA-8540-7E01F2E1B271}.Debug|x86.Build.0 = Debug|Any CPU
		{C50CCCCA-E62A-52DA-8540-7E01F2E1B271}.Release|Any CPU.ActiveCfg = Release|Any CPU
		{C50CCCCA-E62A-52DA-8540-7E01F2E1B271}.Release|Any CPU.Build.0 = Release|Any CPU
		{C50CCCCA-E62A-52DA-8540-7E01F2E1B271}.Release|x64.ActiveCfg = Release|Any CPU
		{C50CCCCA-E62A-52DA-8540-7E01F2E1B271}.Release|x64.Build.0 = Release|Any CPU
		{C50CCCCA-E62A-52DA-8540-7E01F2E1B271}.Release|x86.ActiveCfg = Release|Any CPU
		{C50CCCCA-E62A-52DA-8540-7E01F2E1B271}.Release|x86.Build.0 = Release|Any CPU
		{A49B11B3-9B28-5B64-A55D-AF74E0D40BE5}.Debug|Any CPU.ActiveCfg = Debug|Any CPU
		{A49B11B3-9B28-5B64-A55D-AF74E0D40BE5}.Debug|Any CPU.Build.0 = Debug|Any CPU
		{A49B11B3-9B28-5B64-A55D-AF74E0D40BE5}.Debug|x64.ActiveCfg = Debug|Any CPU
		{A49B11B3-9B28-5B64-A55D-AF74E0D40BE5}.Debug|x64.Build.0 = Debug|Any CPU
		{A49B11B3-9B28-5B64-A55D-AF74E0D40BE5}.Debug|x86.ActiveCfg = Debug|Any CPU
		{A49B11B3-9B28-5B64-A55D-AF74E0D40BE5}.Debug|x86.Build.0 = Debug|Any CPU
		{A49B11B3-9B28-5B64-A55D-AF74E0D40BE5}.Release|Any CPU.ActiveCfg = Release|Any CPU
		{A49B11B3-9B28-5B64-A55D-AF74E0D40BE5}.Release|Any CPU.Build.0 = Release|Any CPU
		{A49B11B3-9B28-5B64-A55D-AF74E0D40BE5}.Release|x64.ActiveCfg = Release|Any CPU
		{A49B11B3-9B28-5B64-A55D-AF74E0D40BE5}.Release|x64.Build.0 = Release|Any CPU
		{A49B11B3-9B28-5B64-A55D-AF74E0D40BE5}.Release|x86.ActiveCfg = Release|Any CPU
		{A49B11B3-9B28-5B64-A55D-AF74E0D40BE5}.Release|x86.Build.0 = Release|Any CPU
		{3FA67285-625F-5A9A-BCE0-5485B59D722F}.Debug|Any CPU.ActiveCfg = Debug|Any CPU
		{3FA67285-625F-5A9A-BCE0-5485B59D722F}.Debug|Any CPU.Build.0 = Debug|Any CPU
		{3FA67285-625F-5A9A-BCE0-5485B59D722F}.Debug|x64.ActiveCfg = Debug|Any CPU
		{3FA67285-625F-5A9A-BCE0-5485B59D722F}.Debug|x64.Build.0 = Debug|Any CPU
		{3FA67285-625F-5A9A-BCE0-5485B59D722F}.Debug|x86.ActiveCfg = Debug|Any CPU
		{3FA67285-625F-5A9A-BCE0-5485B59D722F}.Debug|x86.Build.0 = Debug|Any CPU
		{3FA67285-625F-5A9A-BCE0-5485B59D722F}.Release|Any CPU.ActiveCfg = Release|Any CPU
		{3FA67285-625F-5A9A-BCE0-5485B59D722F}.Release|Any CPU.Build.0 = Release|Any CPU
		{3FA67285-625F-5A9A-BCE0-5485B59D722F}.Release|x64.ActiveCfg = Release|Any CPU
		{3FA67285-625F-5A9A-BCE0-5485B59D722F}.Release|x64.Build.0 = Release|Any CPU
		{3FA67285-625F-5A9A-BCE0-5485B59D722F}.Release|x86.ActiveCfg = Release|Any CPU
		{3FA67285-625F-5A9A-BCE0-5485B59D722F}.Release|x86.Build.0 = Release|Any CPU
		{DFEDBF63-74E1-5C7B-A11E-BA257626B3B4}.Debug|Any CPU.ActiveCfg = Debug|Any CPU
		{DFEDBF63-74E1-5C7B-A11E-BA257626B3B4}.Debug|Any CPU.Build.0 = Debug|Any CPU
		{DFEDBF63-74E1-5C7B-A11E-BA257626B3B4}.Debug|x64.ActiveCfg = Debug|Any CPU
		{DFEDBF63-74E1-5C7B-A11E-BA257626B3B4}.Debug|x64.Build.0 = Debug|Any CPU
		{DFEDBF63-74E1-5C7B-A11E-BA257626B3B4}.Debug|x86.ActiveCfg = Debug|Any CPU
		{DFEDBF63-74E1-5C7B-A11E-BA257626B3B4}.Debug|x86.Build.0 = Debug|Any CPU
		{DFEDBF63-74E1-5C7B-A11E-BA257626B3B4}.Release|Any CPU.ActiveCfg = Release|Any CPU
		{DFEDBF63-74E1-5C7B-A11E-BA257626B3B4}.Release|Any CPU.Build.0 = Release|Any CPU
		{DFEDBF63-74E1-5C7B-A11E-BA257626B3B4}.Release|x64.ActiveCfg = Release|Any CPU
		{DFEDBF63-74E1-5C7B-A11E-BA257626B3B4}.Release|x64.Build.0 = Release|Any CPU
		{DFEDBF63-74E1-5C7B-A11E-BA257626B3B4}.Release|x86.ActiveCfg = Release|Any CPU
		{DFEDBF63-74E1-5C7B-A11E-BA257626B3B4}.Release|x86.Build.0 = Release|Any CPU
		{D0675BD0-BBCC-5C3A-89C8-0FBF967B464B}.Debug|Any CPU.ActiveCfg = Debug|Any CPU
		{D0675BD0-BBCC-5C3A-89C8-0FBF967B464B}.Debug|Any CPU.Build.0 = Debug|Any CPU
		{D0675BD0-BBCC-5C3A-89C8-0FBF967B464B}.Debug|x64.ActiveCfg = Debug|Any CPU
		{D0675BD0-BBCC-5C3A-89C8-0FBF967B464B}.Debug|x64.Build.0 = Debug|Any CPU
		{D0675BD0-BBCC-5C3A-89C8-0FBF967B464B}.Debug|x86.ActiveCfg = Debug|Any CPU
		{D0675BD0-BBCC-5C3A-89C8-0FBF967B464B}.Debug|x86.Build.0 = Debug|Any CPU
		{D0675BD0-BBCC-5C3A-89C8-0FBF967B464B}.Release|Any CPU.ActiveCfg = Release|Any CPU
		{D0675BD0-BBCC-5C3A-89C8-0FBF967B464B}.Release|Any CPU.Build.0 = Release|Any CPU
		{D0675BD0-BBCC-5C3A-89C8-0FBF967B464B}.Release|x64.ActiveCfg = Release|Any CPU
		{D0675BD0-BBCC-5C3A-89C8-0FBF967B464B}.Release|x64.Build.0 = Release|Any CPU
		{D0675BD0-BBCC-5C3A-89C8-0FBF967B464B}.Release|x86.ActiveCfg = Release|Any CPU
		{D0675BD0-BBCC-5C3A-89C8-0FBF967B464B}.Release|x86.Build.0 = Release|Any CPU
		{E6121F1B-03EE-53B6-AF1B-89F8A77030B2}.Debug|Any CPU.ActiveCfg = Debug|Any CPU
		{E6121F1B-03EE-53B6-AF1B-89F8A77030B2}.Debug|Any CPU.Build.0 = Debug|Any CPU
		{E6121F1B-03EE-53B6-AF1B-89F8A77030B2}.Debug|x64.ActiveCfg = Debug|Any CPU
		{E6121F1B-03EE-53B6-AF1B-89F8A77030B2}.Debug|x64.Build.0 = Debug|Any CPU
		{E6121F1B-03EE-53B6-AF1B-89F8A77030B2}.Debug|x86.ActiveCfg = Debug|Any CPU
		{E6121F1B-03EE-53B6-AF1B-89F8A77030B2}.Debug|x86.Build.0 = Debug|Any CPU
		{E6121F1B-03EE-53B6-AF1B-89F8A77030B2}.Release|Any CPU.ActiveCfg = Release|Any CPU
		{E6121F1B-03EE-53B6-AF1B-89F8A77030B2}.Release|Any CPU.Build.0 = Release|Any CPU
		{E6121F1B-03EE-53B6-AF1B-89F8A77030B2}.Release|x64.ActiveCfg = Release|Any CPU
		{E6121F1B-03EE-53B6-AF1B-89F8A77030B2}.Release|x64.Build.0 = Release|Any CPU
		{E6121F1B-03EE-53B6-AF1B-89F8A77030B2}.Release|x86.ActiveCfg = Release|Any CPU
		{E6121F1B-03EE-53B6-AF1B-89F8A77030B2}.Release|x86.Build.0 = Release|Any CPU
		{B13CC3DD-DD5E-5979-927A-496CB7B10AB9}.Debug|Any CPU.ActiveCfg = Debug|Any CPU
		{B13CC3DD-DD5E-5979-927A-496CB7B10AB9}.Debug|Any CPU.Build.0 = Debug|Any CPU
		{B13CC3DD-DD5E-5979-927A-496CB7B10AB9}.Debug|x64.ActiveCfg = Debug|Any CPU
		{B13CC3DD-DD5E-5979-927A-496CB7B10AB9}.Debug|x64.Build.0 = Debug|Any CPU
		{B13CC3DD-DD5E-5979-927A-496CB7B10AB9}.Debug|x86.ActiveCfg = Debug|Any CPU
		{B13CC3DD-DD5E-5979-927A-496CB7B10AB9}.Debug|x86.Build.0 = Debug|Any CPU
		{B13CC3DD-DD5E-5979-927A-496CB7B10AB9}.Release|Any CPU.ActiveCfg = Release|Any CPU
		{B13CC3DD-DD5E-5979-927A-496CB7B10AB9}.Release|Any CPU.Build.0 = Release|Any CPU
		{B13CC3DD-DD5E-5979-927A-496CB7B10AB9}.Release|x64.ActiveCfg = Release|Any CPU
		{B13CC3DD-DD5E-5979-927A-496CB7B10AB9}.Release|x64.Build.0 = Release|Any CPU
		{B13CC3DD-DD5E-5979-927A-496CB7B10AB9}.Release|x86.ActiveCfg = Release|Any CPU
		{B13CC3DD-DD5E-5979-927A-496CB7B10AB9}.Release|x86.Build.0 = Release|Any CPU
		{381D3F10-FAD7-5C64-BF3C-26E45269689D}.Debug|Any CPU.ActiveCfg = Debug|Any CPU
		{381D3F10-FAD7-5C64-BF3C-26E45269689D}.Debug|Any CPU.Build.0 = Debug|Any CPU
		{381D3F10-FAD7-5C64-BF3C-26E45269689D}.Debug|x64.ActiveCfg = Debug|Any CPU
		{381D3F10-FAD7-5C64-BF3C-26E45269689D}.Debug|x64.Build.0 = Debug|Any CPU
		{381D3F10-FAD7-5C64-BF3C-26E45269689D}.Debug|x86.ActiveCfg = Debug|Any CPU
		{381D3F10-FAD7-5C64-BF3C-26E45269689D}.Debug|x86.Build.0 = Debug|Any CPU
		{381D3F10-FAD7-5C64-BF3C-26E45269689D}.Release|Any CPU.ActiveCfg = Release|Any CPU
		{381D3F10-FAD7-5C64-BF3C-26E45269689D}.Release|Any CPU.Build.0 = Release|Any CPU
		{381D3F10-FAD7-5C64-BF3C-26E45269689D}.Release|x64.ActiveCfg = Release|Any CPU
		{381D3F10-FAD7-5C64-BF3C-26E45269689D}.Release|x64.Build.0 = Release|Any CPU
		{381D3F10-FAD7-5C64-BF3C-26E45269689D}.Release|x86.ActiveCfg = Release|Any CPU
		{381D3F10-FAD7-5C64-BF3C-26E45269689D}.Release|x86.Build.0 = Release|Any CPU
		{40CDA5D3-0382-589B-8A0B-1853474B8086}.Debug|Any CPU.ActiveCfg = Debug|Any CPU
		{40CDA5D3-0382-589B-8A0B-1853474B8086}.Debug|Any CPU.Build.0 = Debug|Any CPU
		{40CDA5D3-0382-589B-8A0B-1853474B8086}.Debug|x64.ActiveCfg = Debug|Any CPU
		{40CDA5D3-0382-589B-8A0B-1853474B8086}.Debug|x64.Build.0 = Debug|Any CPU
		{40CDA5D3-0382-589B-8A0B-1853474B8086}.Debug|x86.ActiveCfg = Debug|Any CPU
		{40CDA5D3-0382-589B-8A0B-1853474B8086}.Debug|x86.Build.0 = Debug|Any CPU
		{40CDA5D3-0382-589B-8A0B-1853474B8086}.Release|Any CPU.ActiveCfg = Release|Any CPU
		{40CDA5D3-0382-589B-8A0B-1853474B8086}.Release|Any CPU.Build.0 = Release|Any CPU
		{40CDA5D3-0382-589B-8A0B-1853474B8086}.Release|x64.ActiveCfg = Release|Any CPU
		{40CDA5D3-0382-589B-8A0B-1853474B8086}.Release|x64.Build.0 = Release|Any CPU
		{40CDA5D3-0382-589B-8A0B-1853474B8086}.Release|x86.ActiveCfg = Release|Any CPU
		{40CDA5D3-0382-589B-8A0B-1853474B8086}.Release|x86.Build.0 = Release|Any CPU
		{A1E3CDF7-1A1A-5C04-946E-E830A8738089}.Debug|Any CPU.ActiveCfg = Debug|Any CPU
		{A1E3CDF7-1A1A-5C04-946E-E830A8738089}.Debug|Any CPU.Build.0 = Debug|Any CPU
		{A1E3CDF7-1A1A-5C04-946E-E830A8738089}.Debug|x64.ActiveCfg = Debug|Any CPU
		{A1E3CDF7-1A1A-5C04-946E-E830A8738089}.Debug|x64.Build.0 = Debug|Any CPU
		{A1E3CDF7-1A1A-5C04-946E-E830A8738089}.Debug|x86.ActiveCfg = Debug|Any CPU
		{A1E3CDF7-1A1A-5C04-946E-E830A8738089}.Debug|x86.Build.0 = Debug|Any CPU
		{A1E3CDF7-1A1A-5C04-946E-E830A8738089}.Release|Any CPU.ActiveCfg = Release|Any CPU
		{A1E3CDF7-1A1A-5C04-946E-E830A8738089}.Release|Any CPU.Build.0 = Release|Any CPU
		{A1E3CDF7-1A1A-5C04-946E-E830A8738089}.Release|x64.ActiveCfg = Release|Any CPU
		{A1E3CDF7-1A1A-5C04-946E-E830A8738089}.Release|x64.Build.0 = Release|Any CPU
		{A1E3CDF7-1A1A-5C04-946E-E830A8738089}.Release|x86.ActiveCfg = Release|Any CPU
		{A1E3CDF7-1A1A-5C04-946E-E830A8738089}.Release|x86.Build.0 = Release|Any CPU
		{6F51795E-F4CF-5BD7-BF3B-E90299CF3942}.Debug|Any CPU.ActiveCfg = Debug|Any CPU
		{6F51795E-F4CF-5BD7-BF3B-E90299CF3942}.Debug|Any CPU.Build.0 = Debug|Any CPU
		{6F51795E-F4CF-5BD7-BF3B-E90299CF3942}.Debug|x64.ActiveCfg = Debug|Any CPU
		{6F51795E-F4CF-5BD7-BF3B-E90299CF3942}.Debug|x64.Build.0 = Debug|Any CPU
		{6F51795E-F4CF-5BD7-BF3B-E90299CF3942}.Debug|x86.ActiveCfg = Debug|Any CPU
		{6F51795E-F4CF-5BD7-BF3B-E90299CF3942}.Debug|x86.Build.0 = Debug|Any CPU
		{6F51795E-F4CF-5BD7-BF3B-E90299CF3942}.Release|Any CPU.ActiveCfg = Release|Any CPU
		{6F51795E-F4CF-5BD7-BF3B-E90299CF3942}.Release|Any CPU.Build.0 = Release|Any CPU
		{6F51795E-F4CF-5BD7-BF3B-E90299CF3942}.Release|x64.ActiveCfg = Release|Any CPU
		{6F51795E-F4CF-5BD7-BF3B-E90299CF3942}.Release|x64.Build.0 = Release|Any CPU
		{6F51795E-F4CF-5BD7-BF3B-E90299CF3942}.Release|x86.ActiveCfg = Release|Any CPU
		{6F51795E-F4CF-5BD7-BF3B-E90299CF3942}.Release|x86.Build.0 = Release|Any CPU
		{2A77FF6D-2E3C-5263-9D3E-EB875552D51B}.Debug|Any CPU.ActiveCfg = Debug|Any CPU
		{2A77FF6D-2E3C-5263-9D3E-EB875552D51B}.Debug|Any CPU.Build.0 = Debug|Any CPU
		{2A77FF6D-2E3C-5263-9D3E-EB875552D51B}.Debug|x64.ActiveCfg = Debug|Any CPU
		{2A77FF6D-2E3C-5263-9D3E-EB875552D51B}.Debug|x64.Build.0 = Debug|Any CPU
		{2A77FF6D-2E3C-5263-9D3E-EB875552D51B}.Debug|x86.ActiveCfg = Debug|Any CPU
		{2A77FF6D-2E3C-5263-9D3E-EB875552D51B}.Debug|x86.Build.0 = Debug|Any CPU
		{2A77FF6D-2E3C-5263-9D3E-EB875552D51B}.Release|Any CPU.ActiveCfg = Release|Any CPU
		{2A77FF6D-2E3C-5263-9D3E-EB875552D51B}.Release|Any CPU.Build.0 = Release|Any CPU
		{2A77FF6D-2E3C-5263-9D3E-EB875552D51B}.Release|x64.ActiveCfg = Release|Any CPU
		{2A77FF6D-2E3C-5263-9D3E-EB875552D51B}.Release|x64.Build.0 = Release|Any CPU
		{2A77FF6D-2E3C-5263-9D3E-EB875552D51B}.Release|x86.ActiveCfg = Release|Any CPU
		{2A77FF6D-2E3C-5263-9D3E-EB875552D51B}.Release|x86.Build.0 = Release|Any CPU
		{7ECDA549-54E9-5C3B-B893-D2BBA09D5C20}.Debug|Any CPU.ActiveCfg = Debug|Any CPU
		{7ECDA549-54E9-5C3B-B893-D2BBA09D5C20}.Debug|Any CPU.Build.0 = Debug|Any CPU
		{7ECDA549-54E9-5C3B-B893-D2BBA09D5C20}.Debug|x64.ActiveCfg = Debug|Any CPU
		{7ECDA549-54E9-5C3B-B893-D2BBA09D5C20}.Debug|x64.Build.0 = Debug|Any CPU
		{7ECDA549-54E9-5C3B-B893-D2BBA09D5C20}.Debug|x86.ActiveCfg = Debug|Any CPU
		{7ECDA549-54E9-5C3B-B893-D2BBA09D5C20}.Debug|x86.Build.0 = Debug|Any CPU
		{7ECDA549-54E9-5C3B-B893-D2BBA09D5C20}.Release|Any CPU.ActiveCfg = Release|Any CPU
		{7ECDA549-54E9-5C3B-B893-D2BBA09D5C20}.Release|Any CPU.Build.0 = Release|Any CPU
		{7ECDA549-54E9-5C3B-B893-D2BBA09D5C20}.Release|x64.ActiveCfg = Release|Any CPU
		{7ECDA549-54E9-5C3B-B893-D2BBA09D5C20}.Release|x64.Build.0 = Release|Any CPU
		{7ECDA549-54E9-5C3B-B893-D2BBA09D5C20}.Release|x86.ActiveCfg = Release|Any CPU
		{7ECDA549-54E9-5C3B-B893-D2BBA09D5C20}.Release|x86.Build.0 = Release|Any CPU
		{AD10688F-92FE-591D-94FD-0D7C26C0412F}.Debug|Any CPU.ActiveCfg = Debug|Any CPU
		{AD10688F-92FE-591D-94FD-0D7C26C0412F}.Debug|Any CPU.Build.0 = Debug|Any CPU
		{AD10688F-92FE-591D-94FD-0D7C26C0412F}.Debug|x64.ActiveCfg = Debug|Any CPU
		{AD10688F-92FE-591D-94FD-0D7C26C0412F}.Debug|x64.Build.0 = Debug|Any CPU
		{AD10688F-92FE-591D-94FD-0D7C26C0412F}.Debug|x86.ActiveCfg = Debug|Any CPU
		{AD10688F-92FE-591D-94FD-0D7C26C0412F}.Debug|x86.Build.0 = Debug|Any CPU
		{AD10688F-92FE-591D-94FD-0D7C26C0412F}.Release|Any CPU.ActiveCfg = Release|Any CPU
		{AD10688F-92FE-591D-94FD-0D7C26C0412F}.Release|Any CPU.Build.0 = Release|Any CPU
		{AD10688F-92FE-591D-94FD-0D7C26C0412F}.Release|x64.ActiveCfg = Release|Any CPU
		{AD10688F-92FE-591D-94FD-0D7C26C0412F}.Release|x64.Build.0 = Release|Any CPU
		{AD10688F-92FE-591D-94FD-0D7C26C0412F}.Release|x86.ActiveCfg = Release|Any CPU
		{AD10688F-92FE-591D-94FD-0D7C26C0412F}.Release|x86.Build.0 = Release|Any CPU
		{D90BC24E-036E-53B5-9067-E8ED17A06A14}.Debug|Any CPU.ActiveCfg = Debug|Any CPU
		{D90BC24E-036E-53B5-9067-E8ED17A06A14}.Debug|Any CPU.Build.0 = Debug|Any CPU
		{D90BC24E-036E-53B5-9067-E8ED17A06A14}.Debug|x64.ActiveCfg = Debug|Any CPU
		{D90BC24E-036E-53B5-9067-E8ED17A06A14}.Debug|x64.Build.0 = Debug|Any CPU
		{D90BC24E-036E-53B5-9067-E8ED17A06A14}.Debug|x86.ActiveCfg = Debug|Any CPU
		{D90BC24E-036E-53B5-9067-E8ED17A06A14}.Debug|x86.Build.0 = Debug|Any CPU
		{D90BC24E-036E-53B5-9067-E8ED17A06A14}.Release|Any CPU.ActiveCfg = Release|Any CPU
		{D90BC24E-036E-53B5-9067-E8ED17A06A14}.Release|Any CPU.Build.0 = Release|Any CPU
		{D90BC24E-036E-53B5-9067-E8ED17A06A14}.Release|x64.ActiveCfg = Release|Any CPU
		{D90BC24E-036E-53B5-9067-E8ED17A06A14}.Release|x64.Build.0 = Release|Any CPU
		{D90BC24E-036E-53B5-9067-E8ED17A06A14}.Release|x86.ActiveCfg = Release|Any CPU
		{D90BC24E-036E-53B5-9067-E8ED17A06A14}.Release|x86.Build.0 = Release|Any CPU
		{C8BA6E58-E113-5212-9938-9DA712DB7E20}.Debug|Any CPU.ActiveCfg = Debug|Any CPU
		{C8BA6E58-E113-5212-9938-9DA712DB7E20}.Debug|Any CPU.Build.0 = Debug|Any CPU
		{C8BA6E58-E113-5212-9938-9DA712DB7E20}.Debug|x64.ActiveCfg = Debug|Any CPU
		{C8BA6E58-E113-5212-9938-9DA712DB7E20}.Debug|x64.Build.0 = Debug|Any CPU
		{C8BA6E58-E113-5212-9938-9DA712DB7E20}.Debug|x86.ActiveCfg = Debug|Any CPU
		{C8BA6E58-E113-5212-9938-9DA712DB7E20}.Debug|x86.Build.0 = Debug|Any CPU
		{C8BA6E58-E113-5212-9938-9DA712DB7E20}.Release|Any CPU.ActiveCfg = Release|Any CPU
		{C8BA6E58-E113-5212-9938-9DA712DB7E20}.Release|Any CPU.Build.0 = Release|Any CPU
		{C8BA6E58-E113-5212-9938-9DA712DB7E20}.Release|x64.ActiveCfg = Release|Any CPU
		{C8BA6E58-E113-5212-9938-9DA712DB7E20}.Release|x64.Build.0 = Release|Any CPU
		{C8BA6E58-E113-5212-9938-9DA712DB7E20}.Release|x86.ActiveCfg = Release|Any CPU
		{C8BA6E58-E113-5212-9938-9DA712DB7E20}.Release|x86.Build.0 = Release|Any CPU
		{55F02666-F721-512F-8821-8A05E209CB85}.Debug|Any CPU.ActiveCfg = Debug|Any CPU
		{55F02666-F721-512F-8821-8A05E209CB85}.Debug|Any CPU.Build.0 = Debug|Any CPU
		{55F02666-F721-512F-8821-8A05E209CB85}.Debug|x64.ActiveCfg = Debug|Any CPU
		{55F02666-F721-512F-8821-8A05E209CB85}.Debug|x64.Build.0 = Debug|Any CPU
		{55F02666-F721-512F-8821-8A05E209CB85}.Debug|x86.ActiveCfg = Debug|Any CPU
		{55F02666-F721-512F-8821-8A05E209CB85}.Debug|x86.Build.0 = Debug|Any CPU
		{55F02666-F721-512F-8821-8A05E209CB85}.Release|Any CPU.ActiveCfg = Release|Any CPU
		{55F02666-F721-512F-8821-8A05E209CB85}.Release|Any CPU.Build.0 = Release|Any CPU
		{55F02666-F721-512F-8821-8A05E209CB85}.Release|x64.ActiveCfg = Release|Any CPU
		{55F02666-F721-512F-8821-8A05E209CB85}.Release|x64.Build.0 = Release|Any CPU
		{55F02666-F721-512F-8821-8A05E209CB85}.Release|x86.ActiveCfg = Release|Any CPU
		{55F02666-F721-512F-8821-8A05E209CB85}.Release|x86.Build.0 = Release|Any CPU
		{48762EA4-F4B4-5255-9732-B9ECA26F95E8}.Debug|Any CPU.ActiveCfg = Debug|Any CPU
		{48762EA4-F4B4-5255-9732-B9ECA26F95E8}.Debug|Any CPU.Build.0 = Debug|Any CPU
		{48762EA4-F4B4-5255-9732-B9ECA26F95E8}.Debug|x64.ActiveCfg = Debug|Any CPU
		{48762EA4-F4B4-5255-9732-B9ECA26F95E8}.Debug|x64.Build.0 = Debug|Any CPU
		{48762EA4-F4B4-5255-9732-B9ECA26F95E8}.Debug|x86.ActiveCfg = Debug|Any CPU
		{48762EA4-F4B4-5255-9732-B9ECA26F95E8}.Debug|x86.Build.0 = Debug|Any CPU
		{48762EA4-F4B4-5255-9732-B9ECA26F95E8}.Release|Any CPU.ActiveCfg = Release|Any CPU
		{48762EA4-F4B4-5255-9732-B9ECA26F95E8}.Release|Any CPU.Build.0 = Release|Any CPU
		{48762EA4-F4B4-5255-9732-B9ECA26F95E8}.Release|x64.ActiveCfg = Release|Any CPU
		{48762EA4-F4B4-5255-9732-B9ECA26F95E8}.Release|x64.Build.0 = Release|Any CPU
		{48762EA4-F4B4-5255-9732-B9ECA26F95E8}.Release|x86.ActiveCfg = Release|Any CPU
		{48762EA4-F4B4-5255-9732-B9ECA26F95E8}.Release|x86.Build.0 = Release|Any CPU
		{D46CE5CE-14E6-5771-96A2-BABCACAC773D}.Debug|Any CPU.ActiveCfg = Debug|Any CPU
		{D46CE5CE-14E6-5771-96A2-BABCACAC773D}.Debug|Any CPU.Build.0 = Debug|Any CPU
		{D46CE5CE-14E6-5771-96A2-BABCACAC773D}.Debug|x64.ActiveCfg = Debug|Any CPU
		{D46CE5CE-14E6-5771-96A2-BABCACAC773D}.Debug|x64.Build.0 = Debug|Any CPU
		{D46CE5CE-14E6-5771-96A2-BABCACAC773D}.Debug|x86.ActiveCfg = Debug|Any CPU
		{D46CE5CE-14E6-5771-96A2-BABCACAC773D}.Debug|x86.Build.0 = Debug|Any CPU
		{D46CE5CE-14E6-5771-96A2-BABCACAC773D}.Release|Any CPU.ActiveCfg = Release|Any CPU
		{D46CE5CE-14E6-5771-96A2-BABCACAC773D}.Release|Any CPU.Build.0 = Release|Any CPU
		{D46CE5CE-14E6-5771-96A2-BABCACAC773D}.Release|x64.ActiveCfg = Release|Any CPU
		{D46CE5CE-14E6-5771-96A2-BABCACAC773D}.Release|x64.Build.0 = Release|Any CPU
		{D46CE5CE-14E6-5771-96A2-BABCACAC773D}.Release|x86.ActiveCfg = Release|Any CPU
		{D46CE5CE-14E6-5771-96A2-BABCACAC773D}.Release|x86.Build.0 = Release|Any CPU
		{47B84F18-E83F-5C23-9122-BBB9A46B2FB4}.Debug|Any CPU.ActiveCfg = Debug|Any CPU
		{47B84F18-E83F-5C23-9122-BBB9A46B2FB4}.Debug|Any CPU.Build.0 = Debug|Any CPU
		{47B84F18-E83F-5C23-9122-BBB9A46B2FB4}.Debug|x64.ActiveCfg = Debug|Any CPU
		{47B84F18-E83F-5C23-9122-BBB9A46B2FB4}.Debug|x64.Build.0 = Debug|Any CPU
		{47B84F18-E83F-5C23-9122-BBB9A46B2FB4}.Debug|x86.ActiveCfg = Debug|Any CPU
		{47B84F18-E83F-5C23-9122-BBB9A46B2FB4}.Debug|x86.Build.0 = Debug|Any CPU
		{47B84F18-E83F-5C23-9122-BBB9A46B2FB4}.Release|Any CPU.ActiveCfg = Release|Any CPU
		{47B84F18-E83F-5C23-9122-BBB9A46B2FB4}.Release|Any CPU.Build.0 = Release|Any CPU
		{47B84F18-E83F-5C23-9122-BBB9A46B2FB4}.Release|x64.ActiveCfg = Release|Any CPU
		{47B84F18-E83F-5C23-9122-BBB9A46B2FB4}.Release|x64.Build.0 = Release|Any CPU
		{47B84F18-E83F-5C23-9122-BBB9A46B2FB4}.Release|x86.ActiveCfg = Release|Any CPU
		{47B84F18-E83F-5C23-9122-BBB9A46B2FB4}.Release|x86.Build.0 = Release|Any CPU
		{759D5773-D4C8-5F92-977D-FF4670C36FC0}.Debug|Any CPU.ActiveCfg = Debug|Any CPU
		{759D5773-D4C8-5F92-977D-FF4670C36FC0}.Debug|Any CPU.Build.0 = Debug|Any CPU
		{759D5773-D4C8-5F92-977D-FF4670C36FC0}.Debug|x64.ActiveCfg = Debug|Any CPU
		{759D5773-D4C8-5F92-977D-FF4670C36FC0}.Debug|x64.Build.0 = Debug|Any CPU
		{759D5773-D4C8-5F92-977D-FF4670C36FC0}.Debug|x86.ActiveCfg = Debug|Any CPU
		{759D5773-D4C8-5F92-977D-FF4670C36FC0}.Debug|x86.Build.0 = Debug|Any CPU
		{759D5773-D4C8-5F92-977D-FF4670C36FC0}.Release|Any CPU.ActiveCfg = Release|Any CPU
		{759D5773-D4C8-5F92-977D-FF4670C36FC0}.Release|Any CPU.Build.0 = Release|Any CPU
		{759D5773-D4C8-5F92-977D-FF4670C36FC0}.Release|x64.ActiveCfg = Release|Any CPU
		{759D5773-D4C8-5F92-977D-FF4670C36FC0}.Release|x64.Build.0 = Release|Any CPU
		{759D5773-D4C8-5F92-977D-FF4670C36FC0}.Release|x86.ActiveCfg = Release|Any CPU
		{759D5773-D4C8-5F92-977D-FF4670C36FC0}.Release|x86.Build.0 = Release|Any CPU
		{3715EF6A-F051-5D58-8C1A-7B4CBB816CBB}.Debug|Any CPU.ActiveCfg = Debug|Any CPU
		{3715EF6A-F051-5D58-8C1A-7B4CBB816CBB}.Debug|Any CPU.Build.0 = Debug|Any CPU
		{3715EF6A-F051-5D58-8C1A-7B4CBB816CBB}.Debug|x64.ActiveCfg = Debug|Any CPU
		{3715EF6A-F051-5D58-8C1A-7B4CBB816CBB}.Debug|x64.Build.0 = Debug|Any CPU
		{3715EF6A-F051-5D58-8C1A-7B4CBB816CBB}.Debug|x86.ActiveCfg = Debug|Any CPU
		{3715EF6A-F051-5D58-8C1A-7B4CBB816CBB}.Debug|x86.Build.0 = Debug|Any CPU
		{3715EF6A-F051-5D58-8C1A-7B4CBB816CBB}.Release|Any CPU.ActiveCfg = Release|Any CPU
		{3715EF6A-F051-5D58-8C1A-7B4CBB816CBB}.Release|Any CPU.Build.0 = Release|Any CPU
		{3715EF6A-F051-5D58-8C1A-7B4CBB816CBB}.Release|x64.ActiveCfg = Release|Any CPU
		{3715EF6A-F051-5D58-8C1A-7B4CBB816CBB}.Release|x64.Build.0 = Release|Any CPU
		{3715EF6A-F051-5D58-8C1A-7B4CBB816CBB}.Release|x86.ActiveCfg = Release|Any CPU
		{3715EF6A-F051-5D58-8C1A-7B4CBB816CBB}.Release|x86.Build.0 = Release|Any CPU
		{4F5F0B63-EC2D-52B8-B167-99C4DD3464E0}.Debug|Any CPU.ActiveCfg = Debug|Any CPU
		{4F5F0B63-EC2D-52B8-B167-99C4DD3464E0}.Debug|Any CPU.Build.0 = Debug|Any CPU
		{4F5F0B63-EC2D-52B8-B167-99C4DD3464E0}.Debug|x64.ActiveCfg = Debug|Any CPU
		{4F5F0B63-EC2D-52B8-B167-99C4DD3464E0}.Debug|x64.Build.0 = Debug|Any CPU
		{4F5F0B63-EC2D-52B8-B167-99C4DD3464E0}.Debug|x86.ActiveCfg = Debug|Any CPU
		{4F5F0B63-EC2D-52B8-B167-99C4DD3464E0}.Debug|x86.Build.0 = Debug|Any CPU
		{4F5F0B63-EC2D-52B8-B167-99C4DD3464E0}.Release|Any CPU.ActiveCfg = Release|Any CPU
		{4F5F0B63-EC2D-52B8-B167-99C4DD3464E0}.Release|Any CPU.Build.0 = Release|Any CPU
		{4F5F0B63-EC2D-52B8-B167-99C4DD3464E0}.Release|x64.ActiveCfg = Release|Any CPU
		{4F5F0B63-EC2D-52B8-B167-99C4DD3464E0}.Release|x64.Build.0 = Release|Any CPU
		{4F5F0B63-EC2D-52B8-B167-99C4DD3464E0}.Release|x86.ActiveCfg = Release|Any CPU
		{4F5F0B63-EC2D-52B8-B167-99C4DD3464E0}.Release|x86.Build.0 = Release|Any CPU
		{25858574-CCF3-57E4-A0BA-61739CE584D3}.Debug|Any CPU.ActiveCfg = Debug|Any CPU
		{25858574-CCF3-57E4-A0BA-61739CE584D3}.Debug|Any CPU.Build.0 = Debug|Any CPU
		{25858574-CCF3-57E4-A0BA-61739CE584D3}.Debug|x64.ActiveCfg = Debug|Any CPU
		{25858574-CCF3-57E4-A0BA-61739CE584D3}.Debug|x64.Build.0 = Debug|Any CPU
		{25858574-CCF3-57E4-A0BA-61739CE584D3}.Debug|x86.ActiveCfg = Debug|Any CPU
		{25858574-CCF3-57E4-A0BA-61739CE584D3}.Debug|x86.Build.0 = Debug|Any CPU
		{25858574-CCF3-57E4-A0BA-61739CE584D3}.Release|Any CPU.ActiveCfg = Release|Any CPU
		{25858574-CCF3-57E4-A0BA-61739CE584D3}.Release|Any CPU.Build.0 = Release|Any CPU
		{25858574-CCF3-57E4-A0BA-61739CE584D3}.Release|x64.ActiveCfg = Release|Any CPU
		{25858574-CCF3-57E4-A0BA-61739CE584D3}.Release|x64.Build.0 = Release|Any CPU
		{25858574-CCF3-57E4-A0BA-61739CE584D3}.Release|x86.ActiveCfg = Release|Any CPU
		{25858574-CCF3-57E4-A0BA-61739CE584D3}.Release|x86.Build.0 = Release|Any CPU
		{7515E6B2-43BA-50B0-A7D8-EED33BD1FB78}.Debug|Any CPU.ActiveCfg = Debug|Any CPU
		{7515E6B2-43BA-50B0-A7D8-EED33BD1FB78}.Debug|Any CPU.Build.0 = Debug|Any CPU
		{7515E6B2-43BA-50B0-A7D8-EED33BD1FB78}.Debug|x64.ActiveCfg = Debug|Any CPU
		{7515E6B2-43BA-50B0-A7D8-EED33BD1FB78}.Debug|x64.Build.0 = Debug|Any CPU
		{7515E6B2-43BA-50B0-A7D8-EED33BD1FB78}.Debug|x86.ActiveCfg = Debug|Any CPU
		{7515E6B2-43BA-50B0-A7D8-EED33BD1FB78}.Debug|x86.Build.0 = Debug|Any CPU
		{7515E6B2-43BA-50B0-A7D8-EED33BD1FB78}.Release|Any CPU.ActiveCfg = Release|Any CPU
		{7515E6B2-43BA-50B0-A7D8-EED33BD1FB78}.Release|Any CPU.Build.0 = Release|Any CPU
		{7515E6B2-43BA-50B0-A7D8-EED33BD1FB78}.Release|x64.ActiveCfg = Release|Any CPU
		{7515E6B2-43BA-50B0-A7D8-EED33BD1FB78}.Release|x64.Build.0 = Release|Any CPU
		{7515E6B2-43BA-50B0-A7D8-EED33BD1FB78}.Release|x86.ActiveCfg = Release|Any CPU
		{7515E6B2-43BA-50B0-A7D8-EED33BD1FB78}.Release|x86.Build.0 = Release|Any CPU
		{D38981E1-EA9D-508E-99F9-D5389D4A1F7B}.Debug|Any CPU.ActiveCfg = Debug|Any CPU
		{D38981E1-EA9D-508E-99F9-D5389D4A1F7B}.Debug|Any CPU.Build.0 = Debug|Any CPU
		{D38981E1-EA9D-508E-99F9-D5389D4A1F7B}.Debug|x64.ActiveCfg = Debug|Any CPU
		{D38981E1-EA9D-508E-99F9-D5389D4A1F7B}.Debug|x64.Build.0 = Debug|Any CPU
		{D38981E1-EA9D-508E-99F9-D5389D4A1F7B}.Debug|x86.ActiveCfg = Debug|Any CPU
		{D38981E1-EA9D-508E-99F9-D5389D4A1F7B}.Debug|x86.Build.0 = Debug|Any CPU
		{D38981E1-EA9D-508E-99F9-D5389D4A1F7B}.Release|Any CPU.ActiveCfg = Release|Any CPU
		{D38981E1-EA9D-508E-99F9-D5389D4A1F7B}.Release|Any CPU.Build.0 = Release|Any CPU
		{D38981E1-EA9D-508E-99F9-D5389D4A1F7B}.Release|x64.ActiveCfg = Release|Any CPU
		{D38981E1-EA9D-508E-99F9-D5389D4A1F7B}.Release|x64.Build.0 = Release|Any CPU
		{D38981E1-EA9D-508E-99F9-D5389D4A1F7B}.Release|x86.ActiveCfg = Release|Any CPU
		{D38981E1-EA9D-508E-99F9-D5389D4A1F7B}.Release|x86.Build.0 = Release|Any CPU
		{6A6EA3CF-BEE3-5EAF-851B-3F9E2CBD39C3}.Debug|Any CPU.ActiveCfg = Debug|Any CPU
		{6A6EA3CF-BEE3-5EAF-851B-3F9E2CBD39C3}.Debug|Any CPU.Build.0 = Debug|Any CPU
		{6A6EA3CF-BEE3-5EAF-851B-3F9E2CBD39C3}.Debug|x64.ActiveCfg = Debug|Any CPU
		{6A6EA3CF-BEE3-5EAF-851B-3F9E2CBD39C3}.Debug|x64.Build.0 = Debug|Any CPU
		{6A6EA3CF-BEE3-5EAF-851B-3F9E2CBD39C3}.Debug|x86.ActiveCfg = Debug|Any CPU
		{6A6EA3CF-BEE3-5EAF-851B-3F9E2CBD39C3}.Debug|x86.Build.0 = Debug|Any CPU
		{6A6EA3CF-BEE3-5EAF-851B-3F9E2CBD39C3}.Release|Any CPU.ActiveCfg = Release|Any CPU
		{6A6EA3CF-BEE3-5EAF-851B-3F9E2CBD39C3}.Release|Any CPU.Build.0 = Release|Any CPU
		{6A6EA3CF-BEE3-5EAF-851B-3F9E2CBD39C3}.Release|x64.ActiveCfg = Release|Any CPU
		{6A6EA3CF-BEE3-5EAF-851B-3F9E2CBD39C3}.Release|x64.Build.0 = Release|Any CPU
		{6A6EA3CF-BEE3-5EAF-851B-3F9E2CBD39C3}.Release|x86.ActiveCfg = Release|Any CPU
		{6A6EA3CF-BEE3-5EAF-851B-3F9E2CBD39C3}.Release|x86.Build.0 = Release|Any CPU
		{2BC23F50-B7B7-5647-8659-28E2F445E1C0}.Debug|Any CPU.ActiveCfg = Debug|Any CPU
		{2BC23F50-B7B7-5647-8659-28E2F445E1C0}.Debug|Any CPU.Build.0 = Debug|Any CPU
		{2BC23F50-B7B7-5647-8659-28E2F445E1C0}.Debug|x64.ActiveCfg = Debug|Any CPU
		{2BC23F50-B7B7-5647-8659-28E2F445E1C0}.Debug|x64.Build.0 = Debug|Any CPU
		{2BC23F50-B7B7-5647-8659-28E2F445E1C0}.Debug|x86.ActiveCfg = Debug|Any CPU
		{2BC23F50-B7B7-5647-8659-28E2F445E1C0}.Debug|x86.Build.0 = Debug|Any CPU
		{2BC23F50-B7B7-5647-8659-28E2F445E1C0}.Release|Any CPU.ActiveCfg = Release|Any CPU
		{2BC23F50-B7B7-5647-8659-28E2F445E1C0}.Release|Any CPU.Build.0 = Release|Any CPU
		{2BC23F50-B7B7-5647-8659-28E2F445E1C0}.Release|x64.ActiveCfg = Release|Any CPU
		{2BC23F50-B7B7-5647-8659-28E2F445E1C0}.Release|x64.Build.0 = Release|Any CPU
		{2BC23F50-B7B7-5647-8659-28E2F445E1C0}.Release|x86.ActiveCfg = Release|Any CPU
		{2BC23F50-B7B7-5647-8659-28E2F445E1C0}.Release|x86.Build.0 = Release|Any CPU
		{27066CBA-AB11-5C98-B2B0-561D17BA8DE9}.Debug|Any CPU.ActiveCfg = Debug|Any CPU
		{27066CBA-AB11-5C98-B2B0-561D17BA8DE9}.Debug|Any CPU.Build.0 = Debug|Any CPU
		{27066CBA-AB11-5C98-B2B0-561D17BA8DE9}.Debug|x64.ActiveCfg = Debug|Any CPU
		{27066CBA-AB11-5C98-B2B0-561D17BA8DE9}.Debug|x64.Build.0 = Debug|Any CPU
		{27066CBA-AB11-5C98-B2B0-561D17BA8DE9}.Debug|x86.ActiveCfg = Debug|Any CPU
		{27066CBA-AB11-5C98-B2B0-561D17BA8DE9}.Debug|x86.Build.0 = Debug|Any CPU
		{27066CBA-AB11-5C98-B2B0-561D17BA8DE9}.Release|Any CPU.ActiveCfg = Release|Any CPU
		{27066CBA-AB11-5C98-B2B0-561D17BA8DE9}.Release|Any CPU.Build.0 = Release|Any CPU
		{27066CBA-AB11-5C98-B2B0-561D17BA8DE9}.Release|x64.ActiveCfg = Release|Any CPU
		{27066CBA-AB11-5C98-B2B0-561D17BA8DE9}.Release|x64.Build.0 = Release|Any CPU
		{27066CBA-AB11-5C98-B2B0-561D17BA8DE9}.Release|x86.ActiveCfg = Release|Any CPU
		{27066CBA-AB11-5C98-B2B0-561D17BA8DE9}.Release|x86.Build.0 = Release|Any CPU
		{6107A9AD-BB71-5EA2-8D3C-A5162400A52D}.Debug|Any CPU.ActiveCfg = Debug|Any CPU
		{6107A9AD-BB71-5EA2-8D3C-A5162400A52D}.Debug|Any CPU.Build.0 = Debug|Any CPU
		{6107A9AD-BB71-5EA2-8D3C-A5162400A52D}.Debug|x64.ActiveCfg = Debug|Any CPU
		{6107A9AD-BB71-5EA2-8D3C-A5162400A52D}.Debug|x64.Build.0 = Debug|Any CPU
		{6107A9AD-BB71-5EA2-8D3C-A5162400A52D}.Debug|x86.ActiveCfg = Debug|Any CPU
		{6107A9AD-BB71-5EA2-8D3C-A5162400A52D}.Debug|x86.Build.0 = Debug|Any CPU
		{6107A9AD-BB71-5EA2-8D3C-A5162400A52D}.Release|Any CPU.ActiveCfg = Release|Any CPU
		{6107A9AD-BB71-5EA2-8D3C-A5162400A52D}.Release|Any CPU.Build.0 = Release|Any CPU
		{6107A9AD-BB71-5EA2-8D3C-A5162400A52D}.Release|x64.ActiveCfg = Release|Any CPU
		{6107A9AD-BB71-5EA2-8D3C-A5162400A52D}.Release|x64.Build.0 = Release|Any CPU
		{6107A9AD-BB71-5EA2-8D3C-A5162400A52D}.Release|x86.ActiveCfg = Release|Any CPU
		{6107A9AD-BB71-5EA2-8D3C-A5162400A52D}.Release|x86.Build.0 = Release|Any CPU
		{C87B03D5-9D50-4BDE-8AE1-8F0E6A8F9CA5}.Debug|Any CPU.ActiveCfg = Debug|Any CPU
		{C87B03D5-9D50-4BDE-8AE1-8F0E6A8F9CA5}.Debug|Any CPU.Build.0 = Debug|Any CPU
		{C87B03D5-9D50-4BDE-8AE1-8F0E6A8F9CA5}.Debug|x64.ActiveCfg = Debug|Any CPU
		{C87B03D5-9D50-4BDE-8AE1-8F0E6A8F9CA5}.Debug|x64.Build.0 = Debug|Any CPU
		{C87B03D5-9D50-4BDE-8AE1-8F0E6A8F9CA5}.Debug|x86.ActiveCfg = Debug|Any CPU
		{C87B03D5-9D50-4BDE-8AE1-8F0E6A8F9CA5}.Debug|x86.Build.0 = Debug|Any CPU
		{C87B03D5-9D50-4BDE-8AE1-8F0E6A8F9CA5}.Release|Any CPU.ActiveCfg = Release|Any CPU
		{C87B03D5-9D50-4BDE-8AE1-8F0E6A8F9CA5}.Release|Any CPU.Build.0 = Release|Any CPU
		{C87B03D5-9D50-4BDE-8AE1-8F0E6A8F9CA5}.Release|x64.ActiveCfg = Release|Any CPU
		{C87B03D5-9D50-4BDE-8AE1-8F0E6A8F9CA5}.Release|x64.Build.0 = Release|Any CPU
		{C87B03D5-9D50-4BDE-8AE1-8F0E6A8F9CA5}.Release|x86.ActiveCfg = Release|Any CPU
		{C87B03D5-9D50-4BDE-8AE1-8F0E6A8F9CA5}.Release|x86.Build.0 = Release|Any CPU
		{F94BF833-808D-4D0E-BEEE-F81A6BB5A87C}.Debug|Any CPU.ActiveCfg = Debug|Any CPU
		{F94BF833-808D-4D0E-BEEE-F81A6BB5A87C}.Debug|Any CPU.Build.0 = Debug|Any CPU
		{F94BF833-808D-4D0E-BEEE-F81A6BB5A87C}.Debug|x64.ActiveCfg = Debug|Any CPU
		{F94BF833-808D-4D0E-BEEE-F81A6BB5A87C}.Debug|x64.Build.0 = Debug|Any CPU
		{F94BF833-808D-4D0E-BEEE-F81A6BB5A87C}.Debug|x86.ActiveCfg = Debug|Any CPU
		{F94BF833-808D-4D0E-BEEE-F81A6BB5A87C}.Debug|x86.Build.0 = Debug|Any CPU
		{F94BF833-808D-4D0E-BEEE-F81A6BB5A87C}.Release|Any CPU.ActiveCfg = Release|Any CPU
		{F94BF833-808D-4D0E-BEEE-F81A6BB5A87C}.Release|Any CPU.Build.0 = Release|Any CPU
		{F94BF833-808D-4D0E-BEEE-F81A6BB5A87C}.Release|x64.ActiveCfg = Release|Any CPU
		{F94BF833-808D-4D0E-BEEE-F81A6BB5A87C}.Release|x64.Build.0 = Release|Any CPU
		{F94BF833-808D-4D0E-BEEE-F81A6BB5A87C}.Release|x86.ActiveCfg = Release|Any CPU
		{F94BF833-808D-4D0E-BEEE-F81A6BB5A87C}.Release|x86.Build.0 = Release|Any CPU
	EndGlobalSection
	GlobalSection(SolutionProperties) = preSolution
		HideSolutionNode = FALSE
	EndGlobalSection
	GlobalSection(NestedProjects) = preSolution
		{19E5C6CE-0694-5233-8E71-1DB6ED0F959D} = {EC65D081-BB69-5D9B-A443-3742ACBA5BC6}
		{F942FCC2-1A00-5283-9354-F475397ED467} = {EC65D081-BB69-5D9B-A443-3742ACBA5BC6}
		{76F3BBF5-A80D-5759-9099-6399D94A1E83} = {EC65D081-BB69-5D9B-A443-3742ACBA5BC6}
		{E383E746-255D-5833-A140-02703ADD5363} = {EC65D081-BB69-5D9B-A443-3742ACBA5BC6}
		{43DA8118-F007-5AC6-A496-9F2FDDE82AAA} = {EC65D081-BB69-5D9B-A443-3742ACBA5BC6}
		{19CDE4A5-6210-5D14-8DD3-E667BE71830E} = {EC65D081-BB69-5D9B-A443-3742ACBA5BC6}
		{F9B50E5B-2C29-5136-B3EC-483E1CD1DB41} = {EC65D081-BB69-5D9B-A443-3742ACBA5BC6}
		{2456F8FD-AE33-5815-BD7A-C48C59EF23C7} = {EC65D081-BB69-5D9B-A443-3742ACBA5BC6}
		{C643041E-1224-5748-8AA2-632E2A178076} = {EC65D081-BB69-5D9B-A443-3742ACBA5BC6}
		{8653639B-373C-5555-80DB-80FE1E3879F2} = {EC65D081-BB69-5D9B-A443-3742ACBA5BC6}
		{F97A5341-B51E-5979-AAA5-AC77ABDDBF1E} = {EC65D081-BB69-5D9B-A443-3742ACBA5BC6}
		{88EACC5E-4C1B-514B-9BB2-4170955F21D0} = {EC65D081-BB69-5D9B-A443-3742ACBA5BC6}
		{3859EB19-A6E1-5924-BD50-B49A54F96620} = {EC65D081-BB69-5D9B-A443-3742ACBA5BC6}
		{390D737F-93E1-504F-A78F-65D148ECA3A9} = {EC65D081-BB69-5D9B-A443-3742ACBA5BC6}
		{DD87D36E-DFB6-5C07-B5F9-26D7FE8530C9} = {EC65D081-BB69-5D9B-A443-3742ACBA5BC6}
		{EB86DD38-55D6-5FEC-8742-E3ED730E1636} = {EC65D081-BB69-5D9B-A443-3742ACBA5BC6}
		{6BFBCF8F-2479-572C-B854-5328AEDAE982} = {EC65D081-BB69-5D9B-A443-3742ACBA5BC6}
		{5013F111-237A-5149-A0D8-DF39B0B72568} = {EC65D081-BB69-5D9B-A443-3742ACBA5BC6}
		{663F3BCB-07F6-5ACE-81EF-4A6D796C3222} = {EC65D081-BB69-5D9B-A443-3742ACBA5BC6}
		{9CC82AB1-202C-58AA-ADD8-36D917A0E5DD} = {EC65D081-BB69-5D9B-A443-3742ACBA5BC6}
		{79C0F8F6-C89E-50DF-B8DC-BA277D4E1AFE} = {EC65D081-BB69-5D9B-A443-3742ACBA5BC6}
		{72DDD512-0852-5130-A84D-A89B97EA549D} = {EC65D081-BB69-5D9B-A443-3742ACBA5BC6}
		{7C328DA3-3E10-569E-82E1-A62F19B5E4C5} = {EC65D081-BB69-5D9B-A443-3742ACBA5BC6}
		{4AAC36EB-B8B3-57FD-8720-BBC93A5D32DF} = {EC65D081-BB69-5D9B-A443-3742ACBA5BC6}
		{3CAC7349-1568-585B-A44A-73C1D5A0398D} = {EC65D081-BB69-5D9B-A443-3742ACBA5BC6}
		{54B255B0-475E-518F-89D9-0E146EC92729} = {EC65D081-BB69-5D9B-A443-3742ACBA5BC6}
		{C50CCCCA-E62A-52DA-8540-7E01F2E1B271} = {EC65D081-BB69-5D9B-A443-3742ACBA5BC6}
		{A49B11B3-9B28-5B64-A55D-AF74E0D40BE5} = {EC65D081-BB69-5D9B-A443-3742ACBA5BC6}
		{3FA67285-625F-5A9A-BCE0-5485B59D722F} = {7CFFE11B-4A87-58BB-8150-855CB1D9C774}
		{DFEDBF63-74E1-5C7B-A11E-BA257626B3B4} = {7CFFE11B-4A87-58BB-8150-855CB1D9C774}
		{D0675BD0-BBCC-5C3A-89C8-0FBF967B464B} = {7CFFE11B-4A87-58BB-8150-855CB1D9C774}
		{E6121F1B-03EE-53B6-AF1B-89F8A77030B2} = {7CFFE11B-4A87-58BB-8150-855CB1D9C774}
		{B13CC3DD-DD5E-5979-927A-496CB7B10AB9} = {7CFFE11B-4A87-58BB-8150-855CB1D9C774}
		{381D3F10-FAD7-5C64-BF3C-26E45269689D} = {7CFFE11B-4A87-58BB-8150-855CB1D9C774}
		{40CDA5D3-0382-589B-8A0B-1853474B8086} = {7CFFE11B-4A87-58BB-8150-855CB1D9C774}
		{A1E3CDF7-1A1A-5C04-946E-E830A8738089} = {7CFFE11B-4A87-58BB-8150-855CB1D9C774}
		{6F51795E-F4CF-5BD7-BF3B-E90299CF3942} = {7CFFE11B-4A87-58BB-8150-855CB1D9C774}
		{2A77FF6D-2E3C-5263-9D3E-EB875552D51B} = {7CFFE11B-4A87-58BB-8150-855CB1D9C774}
		{7ECDA549-54E9-5C3B-B893-D2BBA09D5C20} = {7CFFE11B-4A87-58BB-8150-855CB1D9C774}
		{AD10688F-92FE-591D-94FD-0D7C26C0412F} = {7CFFE11B-4A87-58BB-8150-855CB1D9C774}
		{D90BC24E-036E-53B5-9067-E8ED17A06A14} = {7CFFE11B-4A87-58BB-8150-855CB1D9C774}
		{C8BA6E58-E113-5212-9938-9DA712DB7E20} = {7CFFE11B-4A87-58BB-8150-855CB1D9C774}
		{55F02666-F721-512F-8821-8A05E209CB85} = {7CFFE11B-4A87-58BB-8150-855CB1D9C774}
		{48762EA4-F4B4-5255-9732-B9ECA26F95E8} = {7CFFE11B-4A87-58BB-8150-855CB1D9C774}
		{D46CE5CE-14E6-5771-96A2-BABCACAC773D} = {7CFFE11B-4A87-58BB-8150-855CB1D9C774}
		{47B84F18-E83F-5C23-9122-BBB9A46B2FB4} = {7CFFE11B-4A87-58BB-8150-855CB1D9C774}
		{759D5773-D4C8-5F92-977D-FF4670C36FC0} = {7CFFE11B-4A87-58BB-8150-855CB1D9C774}
		{3715EF6A-F051-5D58-8C1A-7B4CBB816CBB} = {7CFFE11B-4A87-58BB-8150-855CB1D9C774}
		{4F5F0B63-EC2D-52B8-B167-99C4DD3464E0} = {7CFFE11B-4A87-58BB-8150-855CB1D9C774}
		{25858574-CCF3-57E4-A0BA-61739CE584D3} = {7CFFE11B-4A87-58BB-8150-855CB1D9C774}
		{7515E6B2-43BA-50B0-A7D8-EED33BD1FB78} = {7CFFE11B-4A87-58BB-8150-855CB1D9C774}
		{D38981E1-EA9D-508E-99F9-D5389D4A1F7B} = {7CFFE11B-4A87-58BB-8150-855CB1D9C774}
		{6A6EA3CF-BEE3-5EAF-851B-3F9E2CBD39C3} = {7CFFE11B-4A87-58BB-8150-855CB1D9C774}
		{2BC23F50-B7B7-5647-8659-28E2F445E1C0} = {7CFFE11B-4A87-58BB-8150-855CB1D9C774}
		{27066CBA-AB11-5C98-B2B0-561D17BA8DE9} = {7CFFE11B-4A87-58BB-8150-855CB1D9C774}
		{6107A9AD-BB71-5EA2-8D3C-A5162400A52D} = {7CFFE11B-4A87-58BB-8150-855CB1D9C774}
		{C87B03D5-9D50-4BDE-8AE1-8F0E6A8F9CA5} = {66320409-64EC-F7C5-3DEF-65E7510DAAD1}
		{F94BF833-808D-4D0E-BEEE-F81A6BB5A87C} = {7CFFE11B-4A87-58BB-8150-855CB1D9C774}
	EndGlobalSection
EndGlobal
